
Microsoft Visual Studio Solution File, Format Version 12.00
# Visual Studio Version 16
VisualStudioVersion = 16.0.32602.291
MinimumVisualStudioVersion = 10.0.40219.1
Project("{9A19103F-16F7-4668-BE54-9A1E7A4F7556}") = "test", "test\test.csproj", "{69504686-C858-4F38-B668-FD3E4C05A7B8}"
EndProject
Project("{2150E333-8FDC-42A3-9474-1A3956D46DE8}") = "03. Stacks and Queues - Lab", "03. Stacks and Queues - Lab", "{27893AF9-B6A9-4CA0-A822-4A4DFA59710C}"
EndProject
Project("{9A19103F-16F7-4668-BE54-9A1E7A4F7556}") = "1. Reverse a String", "1. Reverse a String\1. Reverse a String.csproj", "{EC370A46-7181-4EF9-8850-FC75E3F7954D}"
EndProject
Project("{9A19103F-16F7-4668-BE54-9A1E7A4F7556}") = "2. Stack Sum", "2. Stack Sum\2. Stack Sum.csproj", "{B849ED28-295A-42A4-AB6C-AE18496D0012}"
EndProject
Project("{9A19103F-16F7-4668-BE54-9A1E7A4F7556}") = "3. Simple Calculator", "3. Simple Calculator\3. Simple Calculator.csproj", "{8DF9C59F-760A-49E4-98AC-DF7C5BCA91D9}"
EndProject
Project("{2150E333-8FDC-42A3-9474-1A3956D46DE8}") = "4. Matching Brackets", "4. Matching Brackets", "{21CDAF08-9E8A-489A-8DCB-C545EFA41B37}"
EndProject
Project("{FAE04EC0-301F-11D3-BF4B-00C04F79EFBC}") = "4. Matching Brackets", "4. Matching Brackets\4. Matching Brackets.csproj", "{B38648F5-87CA-4010-B694-57A0A8F8E41E}"
EndProject
Project("{FAE04EC0-301F-11D3-BF4B-00C04F79EFBC}") = "5. Print Even Numbers", "5. Print Even Numbers\5. Print Even Numbers.csproj", "{AA151081-A399-409F-A746-BE54916601C8}"
EndProject
Project("{FAE04EC0-301F-11D3-BF4B-00C04F79EFBC}") = "6. Supermarket", "6. Supermarket\6. Supermarket.csproj", "{7B8F4C60-E926-4356-9BDA-5DC69F37F661}"
EndProject
Global
	GlobalSection(SolutionConfigurationPlatforms) = preSolution
		Debug|Any CPU = Debug|Any CPU
		Release|Any CPU = Release|Any CPU
	EndGlobalSection
	GlobalSection(ProjectConfigurationPlatforms) = postSolution
		{69504686-C858-4F38-B668-FD3E4C05A7B8}.Debug|Any CPU.ActiveCfg = Debug|Any CPU
		{69504686-C858-4F38-B668-FD3E4C05A7B8}.Debug|Any CPU.Build.0 = Debug|Any CPU
		{69504686-C858-4F38-B668-FD3E4C05A7B8}.Release|Any CPU.ActiveCfg = Release|Any CPU
		{69504686-C858-4F38-B668-FD3E4C05A7B8}.Release|Any CPU.Build.0 = Release|Any CPU
		{EC370A46-7181-4EF9-8850-FC75E3F7954D}.Debug|Any CPU.ActiveCfg = Debug|Any CPU
		{EC370A46-7181-4EF9-8850-FC75E3F7954D}.Debug|Any CPU.Build.0 = Debug|Any CPU
		{EC370A46-7181-4EF9-8850-FC75E3F7954D}.Release|Any CPU.ActiveCfg = Release|Any CPU
		{EC370A46-7181-4EF9-8850-FC75E3F7954D}.Release|Any CPU.Build.0 = Release|Any CPU
		{B849ED28-295A-42A4-AB6C-AE18496D0012}.Debug|Any CPU.ActiveCfg = Debug|Any CPU
		{B849ED28-295A-42A4-AB6C-AE18496D0012}.Debug|Any CPU.Build.0 = Debug|Any CPU
		{B849ED28-295A-42A4-AB6C-AE18496D0012}.Release|Any CPU.ActiveCfg = Release|Any CPU
		{B849ED28-295A-42A4-AB6C-AE18496D0012}.Release|Any CPU.Build.0 = Release|Any CPU
		{8DF9C59F-760A-49E4-98AC-DF7C5BCA91D9}.Debug|Any CPU.ActiveCfg = Debug|Any CPU
		{8DF9C59F-760A-49E4-98AC-DF7C5BCA91D9}.Debug|Any CPU.Build.0 = Debug|Any CPU
		{8DF9C59F-760A-49E4-98AC-DF7C5BCA91D9}.Release|Any CPU.ActiveCfg = Release|Any CPU
		{8DF9C59F-760A-49E4-98AC-DF7C5BCA91D9}.Release|Any CPU.Build.0 = Release|Any CPU
		{B38648F5-87CA-4010-B694-57A0A8F8E41E}.Debug|Any CPU.ActiveCfg = Debug|Any CPU
		{B38648F5-87CA-4010-B694-57A0A8F8E41E}.Debug|Any CPU.Build.0 = Debug|Any CPU
		{B38648F5-87CA-4010-B694-57A0A8F8E41E}.Release|Any CPU.ActiveCfg = Release|Any CPU
		{B38648F5-87CA-4010-B694-57A0A8F8E41E}.Release|Any CPU.Build.0 = Release|Any CPU
		{AA151081-A399-409F-A746-BE54916601C8}.Debug|Any CPU.ActiveCfg = Debug|Any CPU
		{AA151081-A399-409F-A746-BE54916601C8}.Debug|Any CPU.Build.0 = Debug|Any CPU
		{AA151081-A399-409F-A746-BE54916601C8}.Release|Any CPU.ActiveCfg = Release|Any CPU
		{AA151081-A399-409F-A746-BE54916601C8}.Release|Any CPU.Build.0 = Release|Any CPU
		{7B8F4C60-E926-4356-9BDA-5DC69F37F661}.Debug|Any CPU.ActiveCfg = Debug|Any CPU
		{7B8F4C60-E926-4356-9BDA-5DC69F37F661}.Debug|Any CPU.Build.0 = Debug|Any CPU
		{7B8F4C60-E926-4356-9BDA-5DC69F37F661}.Release|Any CPU.ActiveCfg = Release|Any CPU
		{7B8F4C60-E926-4356-9BDA-5DC69F37F661}.Release|Any CPU.Build.0 = Release|Any CPU
	EndGlobalSection
	GlobalSection(SolutionProperties) = preSolution
		HideSolutionNode = FALSE
	EndGlobalSection
	GlobalSection(NestedProjects) = preSolution
		{EC370A46-7181-4EF9-8850-FC75E3F7954D} = {27893AF9-B6A9-4CA0-A822-4A4DFA59710C}
		{B849ED28-295A-42A4-AB6C-AE18496D0012} = {27893AF9-B6A9-4CA0-A822-4A4DFA59710C}
		{8DF9C59F-760A-49E4-98AC-DF7C5BCA91D9} = {27893AF9-B6A9-4CA0-A822-4A4DFA59710C}
		{21CDAF08-9E8A-489A-8DCB-C545EFA41B37} = {27893AF9-B6A9-4CA0-A822-4A4DFA59710C}
		{B38648F5-87CA-4010-B694-57A0A8F8E41E} = {21CDAF08-9E8A-489A-8DCB-C545EFA41B37}
		{AA151081-A399-409F-A746-BE54916601C8} = {27893AF9-B6A9-4CA0-A822-4A4DFA59710C}
		{7B8F4C60-E926-4356-9BDA-5DC69F37F661} = {27893AF9-B6A9-4CA0-A822-4A4DFA59710C}
	EndGlobalSection
	GlobalSection(ExtensibilityGlobals) = postSolution
		SolutionGuid = {0D8CFCB1-2AD9-4F32-B39E-3C47EEAFF97E}
	EndGlobalSection
EndGlobal
