
Microsoft Visual Studio Solution File, Format Version 12.00
# Visual Studio Version 17
VisualStudioVersion = 17.5.33516.290
MinimumVisualStudioVersion = 10.0.40219.1
Project("{2150E333-8FDC-42A3-9474-1A3956D46DE8}") = "03. Stacks and Queues - Lab", "03. Stacks and Queues - Lab", "{27893AF9-B6A9-4CA0-A822-4A4DFA59710C}"
EndProject
Project("{9A19103F-16F7-4668-BE54-9A1E7A4F7556}") = "1. Reverse a String", "1. Reverse a String\1. Reverse a String.csproj", "{EC370A46-7181-4EF9-8850-FC75E3F7954D}"
EndProject
Project("{9A19103F-16F7-4668-BE54-9A1E7A4F7556}") = "2. Stack Sum", "2. Stack Sum\2. Stack Sum.csproj", "{B849ED28-295A-42A4-AB6C-AE18496D0012}"
EndProject
Project("{9A19103F-16F7-4668-BE54-9A1E7A4F7556}") = "3. Simple Calculator", "3. Simple Calculator\3. Simple Calculator.csproj", "{8DF9C59F-760A-49E4-98AC-DF7C5BCA91D9}"
EndProject
Project("{2150E333-8FDC-42A3-9474-1A3956D46DE8}") = "4. Matching Brackets", "4. Matching Brackets", "{21CDAF08-9E8A-489A-8DCB-C545EFA41B37}"
EndProject
Project("{9A19103F-16F7-4668-BE54-9A1E7A4F7556}") = "4. Matching Brackets", "4. Matching Brackets\4. Matching Brackets.csproj", "{B38648F5-87CA-4010-B694-57A0A8F8E41E}"
EndProject
Project("{9A19103F-16F7-4668-BE54-9A1E7A4F7556}") = "5. Print Even Numbers", "5. Print Even Numbers\5. Print Even Numbers.csproj", "{AA151081-A399-409F-A746-BE54916601C8}"
EndProject
Project("{9A19103F-16F7-4668-BE54-9A1E7A4F7556}") = "6. Supermarket", "6. Supermarket\6. Supermarket.csproj", "{7B8F4C60-E926-4356-9BDA-5DC69F37F661}"
EndProject
Project("{9A19103F-16F7-4668-BE54-9A1E7A4F7556}") = "7. Hot Potato", "7. Hot Potato\7. Hot Potato.csproj", "{58E1BD93-33E0-48C5-9E69-CB607BDEB6EF}"
EndProject
Project("{9A19103F-16F7-4668-BE54-9A1E7A4F7556}") = "8. Traffic Jam", "8. Traffic Jam\8. Traffic Jam.csproj", "{A584017B-ECC6-46B8-8B0F-6749FF60C7A0}"
EndProject
Project("{2150E333-8FDC-42A3-9474-1A3956D46DE8}") = "04. Stacks and Queues - Exercise", "04. Stacks and Queues - Exercise", "{C3FC6A58-15DD-4F4F-89CD-2FFE50E3EF3B}"
EndProject
Project("{9A19103F-16F7-4668-BE54-9A1E7A4F7556}") = "01. Basic Stack Operations", "01. Basic Stack Operations\01. Basic Stack Operations.csproj", "{3F21C158-5A59-44A5-BAAE-6AF59143F217}"
EndProject
Project("{9A19103F-16F7-4668-BE54-9A1E7A4F7556}") = "02. Basic Queue Operations", "02. Basic Queue Operations\02. Basic Queue Operations.csproj", "{3081B269-9677-4C35-B3E1-DF3D00F2E152}"
EndProject
Project("{9A19103F-16F7-4668-BE54-9A1E7A4F7556}") = "03. Maximum and Minimum Element", "03. Maximum and Minimum Element\03. Maximum and Minimum Element.csproj", "{7FF0CC04-4622-4535-BDAB-94587038FA82}"
EndProject
Project("{9A19103F-16F7-4668-BE54-9A1E7A4F7556}") = "04. Fast Food", "04. Fast Food\04. Fast Food.csproj", "{2BE0DBE6-C08A-4657-AD51-FEEB3592D398}"
EndProject
Project("{9A19103F-16F7-4668-BE54-9A1E7A4F7556}") = "05. Fashion Boutique", "05. Fashion Boutique\05. Fashion Boutique.csproj", "{96D3A7B1-2569-4940-B396-CA386268D8EE}"
EndProject
Project("{9A19103F-16F7-4668-BE54-9A1E7A4F7556}") = "06. Songs Queue", "06. Songs Queue\06. Songs Queue.csproj", "{82F0A5A3-64E4-4E75-8566-ADD9B72535CE}"
EndProject
Project("{9A19103F-16F7-4668-BE54-9A1E7A4F7556}") = "07. Truck Tour", "07. Truck Tour\07. Truck Tour.csproj", "{355FF641-6749-432D-8803-EEADF1FE4CD1}"
EndProject
Project("{9A19103F-16F7-4668-BE54-9A1E7A4F7556}") = "06!. Songs Queue", "06!. Songs Queue\06!. Songs Queue.csproj", "{D07945B9-12E5-422D-9E5B-D8457F6F505F}"
EndProject
Project("{9A19103F-16F7-4668-BE54-9A1E7A4F7556}") = "08. Balanced Parenthesis", "08. Balanced Parenthesis\08. Balanced Parenthesis.csproj", "{4B61AFCD-26B3-4B4C-AD05-3A00770A3D09}"
EndProject
Project("{9A19103F-16F7-4668-BE54-9A1E7A4F7556}") = "09. Simple Text Editor", "09. Simple Text Editor\09. Simple Text Editor.csproj", "{6B01475A-AF9E-48FC-A0B0-C0AFD58112BC}"
EndProject
Project("{9A19103F-16F7-4668-BE54-9A1E7A4F7556}") = "10. Crossroads", "10. Crossroads\10. Crossroads.csproj", "{6EBFD524-8517-45EF-B7D3-02A13ECA37F2}"
EndProject
Project("{9A19103F-16F7-4668-BE54-9A1E7A4F7556}") = "11. Key Revolver", "11. Key Revolver\11. Key Revolver.csproj", "{95C27F70-8528-4C93-BE3F-744625C594E5}"
EndProject
Project("{9A19103F-16F7-4668-BE54-9A1E7A4F7556}") = "12. Cups and Bottles", "12. Cups and Bottles\12. Cups and Bottles.csproj", "{17ED20FC-4890-44BB-BEC4-35F4020F1C8A}"
EndProject
Project("{2150E333-8FDC-42A3-9474-1A3956D46DE8}") = "05. Multidimensional Arrays - Lab", "05. Multidimensional Arrays - Lab", "{3A24C0AF-2765-4F75-8E71-8800B7526937}"
EndProject
Project("{9A19103F-16F7-4668-BE54-9A1E7A4F7556}") = "1. Sum Matrix Elements", "1. Sum Matrix Elements\1. Sum Matrix Elements.csproj", "{F147BEBC-7B4B-4829-B511-9E379F26A853}"
EndProject
Project("{9A19103F-16F7-4668-BE54-9A1E7A4F7556}") = "2. Sum Matrix Columns", "2. Sum Matrix Columns\2. Sum Matrix Columns.csproj", "{2766C724-36F6-4F34-ABC8-37098E6B7FE5}"
EndProject
Project("{9A19103F-16F7-4668-BE54-9A1E7A4F7556}") = "3. Primary Diagonal", "3. Primary Diagonal\3. Primary Diagonal.csproj", "{CFD76B7A-97CA-447E-A717-E8F8A7525E2D}"
EndProject
Project("{9A19103F-16F7-4668-BE54-9A1E7A4F7556}") = "4. Symbol in Matrix", "4. Symbol in Matrix\4. Symbol in Matrix.csproj", "{0FDD1751-E087-4C86-A3BC-9E631C3E0026}"
EndProject
Project("{9A19103F-16F7-4668-BE54-9A1E7A4F7556}") = "5. Square With Maximum Sum", "5. Square With Maximum Sum\5. Square With Maximum Sum.csproj", "{D21056B5-BD9F-4A44-B783-CE80601BFD3A}"
EndProject
Project("{9A19103F-16F7-4668-BE54-9A1E7A4F7556}") = "6. Jagged-Array Modification", "6. Jagged-Array Modification\6. Jagged-Array Modification.csproj", "{0B5BD440-7FB6-4BA0-B489-57BAB8E44341}"
EndProject
Project("{9A19103F-16F7-4668-BE54-9A1E7A4F7556}") = "7. Pascal Triangle", "7. Pascal Triangle\7. Pascal Triangle.csproj", "{50AB7104-76E5-4F33-9834-40EDDB2C20F9}"
EndProject
Project("{2150E333-8FDC-42A3-9474-1A3956D46DE8}") = "06. Multidimensional Arrays - Exercise", "06. Multidimensional Arrays - Exercise", "{7A82B11F-D8D9-407A-ACD9-76FB975F9EEC}"
EndProject
Project("{9A19103F-16F7-4668-BE54-9A1E7A4F7556}") = "1. Diagonal Difference", "1. Diagonal Difference\1. Diagonal Difference.csproj", "{5B25D8C9-0716-430D-9331-34E8F2FC1FD3}"
EndProject
Project("{9A19103F-16F7-4668-BE54-9A1E7A4F7556}") = "2. Squares in Matrix", "2. Squares in Matrix\2. Squares in Matrix.csproj", "{A5028355-A2D1-4386-A55E-3115EFC39792}"
EndProject
Project("{9A19103F-16F7-4668-BE54-9A1E7A4F7556}") = "3. Maximal Sum", "3. Maximal Sum\3. Maximal Sum.csproj", "{79247550-987D-4F25-ADC1-3681A813F56F}"
EndProject
Project("{9A19103F-16F7-4668-BE54-9A1E7A4F7556}") = "4. Matrix Shuffling", "4. Matrix Shuffling\4. Matrix Shuffling.csproj", "{2AC1A29A-FE18-4D4D-8E67-3189E9CEBF89}"
EndProject
Project("{9A19103F-16F7-4668-BE54-9A1E7A4F7556}") = "5. Snake Moves", "5. Snake Moves\5. Snake Moves.csproj", "{7A07DA06-593B-4CD1-9388-FA0A2AA7A690}"
EndProject
Project("{9A19103F-16F7-4668-BE54-9A1E7A4F7556}") = "5u. Snake Moves", "5u. Snake Moves\5u. Snake Moves.csproj", "{AFAFC82D-803B-461B-9153-38EFAB5F50ED}"
EndProject
Project("{9A19103F-16F7-4668-BE54-9A1E7A4F7556}") = "6. Jagged Array Manipulator", "6. Jagged Array Manipulator\6. Jagged Array Manipulator.csproj", "{BA3DB802-2E31-4E5F-8CA8-9B4285ED08D4}"
EndProject
Project("{9A19103F-16F7-4668-BE54-9A1E7A4F7556}") = "7. Knight Game", "7. Knight Game\7. Knight Game.csproj", "{ECE81702-D29C-4D47-9BCC-927FCB6366E2}"
EndProject
Project("{2150E333-8FDC-42A3-9474-1A3956D46DE8}") = "07. Sets and Dictionaries Advanced - Lab", "07. Sets and Dictionaries Advanced - Lab", "{4352414B-4417-47AB-A803-AE40230DA2EC}"
EndProject
Project("{9A19103F-16F7-4668-BE54-9A1E7A4F7556}") = "01. Count Same Values in Array", "01. Count Same Values in Array\01. Count Same Values in Array.csproj", "{A6AE9102-5C99-4B87-B952-08FF130BB3D7}"
EndProject
Project("{9A19103F-16F7-4668-BE54-9A1E7A4F7556}") = "02. Average Student Grades", "02. Average Student Grades\02. Average Student Grades.csproj", "{4F84FB26-1A6C-4239-AE71-CB405096571F}"
EndProject
Project("{9A19103F-16F7-4668-BE54-9A1E7A4F7556}") = "03. Largest 3 Numbers", "03. Largest 3 Numbers\03. Largest 3 Numbers.csproj", "{8D414316-01D4-41B4-AE88-4D62E515C744}"
EndProject
Project("{9A19103F-16F7-4668-BE54-9A1E7A4F7556}") = "04. Product Shop", "04. Product Shop\04. Product Shop.csproj", "{40AAE7E9-7BB8-432F-9C20-00386065E760}"
EndProject
Project("{9A19103F-16F7-4668-BE54-9A1E7A4F7556}") = "05. Cities by Continent and Country", "05. Cities by Continent and Country\05. Cities by Continent and Country.csproj", "{63788C78-6282-4DE3-9085-2CF25BD5A80D}"
EndProject
Project("{9A19103F-16F7-4668-BE54-9A1E7A4F7556}") = "06. Record Unique Names", "06. Record Unique Names\06. Record Unique Names.csproj", "{3CFAEFEF-467E-4897-AD19-B66ABC4711FC}"
EndProject
Project("{9A19103F-16F7-4668-BE54-9A1E7A4F7556}") = "07. Parking Lot", "07. Parking Lot\07. Parking Lot.csproj", "{57734838-B4A8-40AE-B46C-89C698782E8B}"
EndProject
Project("{9A19103F-16F7-4668-BE54-9A1E7A4F7556}") = "08. SoftUni Party", "08. SoftUni Party\08. SoftUni Party.csproj", "{5EC109C6-35B5-477D-BE54-BA45DD0C4633}"
EndProject
Project("{2150E333-8FDC-42A3-9474-1A3956D46DE8}") = "08. Sets and Dictionaries Advanced - Exercise", "08. Sets and Dictionaries Advanced - Exercise", "{8A04FE00-EBA7-40F1-974E-154CC10A1BC7}"
EndProject
Project("{9A19103F-16F7-4668-BE54-9A1E7A4F7556}") = "01. Unique Usernames", "01. Unique Usernames\01. Unique Usernames.csproj", "{AA47C7A1-E185-4FD9-89F1-A34FA83C706B}"
EndProject
Project("{9A19103F-16F7-4668-BE54-9A1E7A4F7556}") = "02. Sets of Elements", "02. Sets of Elements\02. Sets of Elements.csproj", "{9562766A-7099-4A19-A45C-0147F668DE8B}"
EndProject
Project("{9A19103F-16F7-4668-BE54-9A1E7A4F7556}") = "03. Periodic Table", "03. Periodic Table\03. Periodic Table.csproj", "{1A421902-32EE-4C55-9128-97381BFB8F5A}"
EndProject
Project("{9A19103F-16F7-4668-BE54-9A1E7A4F7556}") = "04. Even Times", "04. Even Times\04. Even Times.csproj", "{5F85DCB0-86DE-4B21-BA68-3280663F48F9}"
EndProject
Project("{9A19103F-16F7-4668-BE54-9A1E7A4F7556}") = "05. Count Symbols", "05. Count Symbols\05. Count Symbols.csproj", "{2F78A725-B2E8-495D-9CAA-8FC5F465394C}"
EndProject
Project("{9A19103F-16F7-4668-BE54-9A1E7A4F7556}") = "06. Wardrobe", "06. Wardrobe\06. Wardrobe.csproj", "{5BB61BE1-6A18-423C-9063-C44032272876}"
EndProject
Project("{9A19103F-16F7-4668-BE54-9A1E7A4F7556}") = "07. The V-Logger", "07. The V-Logger\07. The V-Logger.csproj", "{18FC49C4-6920-4B63-8526-6D1D895C9B9D}"
EndProject
Project("{2150E333-8FDC-42A3-9474-1A3956D46DE8}") = "09. Functional Programming - Lab", "09. Functional Programming - Lab", "{6039FEB6-C7DB-46B6-9C46-227DF740D0CE}"
EndProject
Project("{9A19103F-16F7-4668-BE54-9A1E7A4F7556}") = "01. Sort Even Numbers", "01. Sort Even Numbers\01. Sort Even Numbers.csproj", "{97EA3CAE-3C4A-4A51-9C64-54FFB64E5AE2}"
EndProject
Project("{9A19103F-16F7-4668-BE54-9A1E7A4F7556}") = "02. Sum Numbers", "02. Sum Numbers\02. Sum Numbers.csproj", "{C4CC9131-FC6B-4EBF-BAB0-8BE21D7AF893}"
EndProject
Project("{9A19103F-16F7-4668-BE54-9A1E7A4F7556}") = "03. Count Uppercase Words", "03. Count Uppercase Words\03. Count Uppercase Words.csproj", "{6D7E4D93-6835-42F4-B091-7A007CC1296F}"
EndProject
Project("{9A19103F-16F7-4668-BE54-9A1E7A4F7556}") = "04. Add VAT", "04. Add VAT\04. Add VAT.csproj", "{976E61AD-4D13-4014-A647-C3AEBB370464}"
EndProject
Project("{9A19103F-16F7-4668-BE54-9A1E7A4F7556}") = "05. Filter By Age", "05. Filter By Age\05. Filter By Age.csproj", "{EEAC04B0-5DC6-46E0-8ACA-48D8C14F22DF}"
EndProject
Project("{2150E333-8FDC-42A3-9474-1A3956D46DE8}") = "10. Functional Programming - Exercise", "10. Functional Programming - Exercise", "{BECB0FE9-A48A-4231-84F8-7E4EAA771824}"
EndProject
Project("{9A19103F-16F7-4668-BE54-9A1E7A4F7556}") = "01. Action Print", "01. Action Print\01. Action Print.csproj", "{A4417E06-FDF7-4436-A53B-B6AF41BC7B0D}"
EndProject
Project("{9A19103F-16F7-4668-BE54-9A1E7A4F7556}") = "02. Knights of Honor", "02. Knights of Honor\02. Knights of Honor.csproj", "{7DCFEB95-2B9A-40D6-88BC-E8B6043A0022}"
EndProject
Project("{9A19103F-16F7-4668-BE54-9A1E7A4F7556}") = "03. Custom Min Function", "03. Custom Min Function\03. Custom Min Function.csproj", "{AF52A841-3DC2-455B-A13B-8CC5D0F9A0A8}"
EndProject
Project("{9A19103F-16F7-4668-BE54-9A1E7A4F7556}") = "04. Find Evens or Odds", "04. Find Evens or Odds\04. Find Evens or Odds.csproj", "{2B5D2F6A-09C9-4342-80FD-1E88ABFE3773}"
EndProject
Project("{9A19103F-16F7-4668-BE54-9A1E7A4F7556}") = "05. Applied Arithmetics", "05. Applied Arithmetics\05. Applied Arithmetics.csproj", "{0E7AA243-8ACA-493A-9CEA-91E941B910F1}"
EndProject
Project("{9A19103F-16F7-4668-BE54-9A1E7A4F7556}") = "06. Reverse And Exclude", "06. Reverse And Exclude\06. Reverse And Exclude.csproj", "{1D645D6B-7704-4FE4-8D7C-F8B3E4827F21}"
EndProject
Project("{9A19103F-16F7-4668-BE54-9A1E7A4F7556}") = "07. Predicate For Names", "07. Predicate For Names\07. Predicate For Names.csproj", "{D8539745-121F-4238-8DD4-EEDEDC58C410}"
EndProject
Project("{9A19103F-16F7-4668-BE54-9A1E7A4F7556}") = "08. List Of Predicates", "08. List Of Predicates\08. List Of Predicates.csproj", "{61318C0E-1FE0-4C86-99C5-AE9BB02A1805}"
EndProject
Project("{2150E333-8FDC-42A3-9474-1A3956D46DE8}") = "11. Defining Classes - Lab", "11. Defining Classes - Lab", "{5C1801F9-FBAA-40E4-AA54-2E5744122104}"
EndProject
Project("{9A19103F-16F7-4668-BE54-9A1E7A4F7556}") = "01. Car", "01. Car\01. Car.csproj", "{630429CC-6DC7-45C4-9E7C-7AA3830D19C7}"
EndProject
Project("{9A19103F-16F7-4668-BE54-9A1E7A4F7556}") = "CarManufacturer", "CarManufacturer\CarManufacturer.csproj", "{D27C63D9-D15A-4AB9-8FBC-93F9D9A3D6B7}"
EndProject
Project("{9A19103F-16F7-4668-BE54-9A1E7A4F7556}") = "04. Car Engine And Tires", "04. Car Engine And Tires\04. Car Engine And Tires.csproj", "{2532AB81-BB71-4878-9B12-EEF3BEAAAD8A}"
EndProject
Project("{9A19103F-16F7-4668-BE54-9A1E7A4F7556}") = "05. Special Cars", "05. Special Cars\05. Special Cars.csproj", "{A5B6313F-A42D-4547-9943-5DBE6F8D8440}"
EndProject
Project("{2150E333-8FDC-42A3-9474-1A3956D46DE8}") = "12. Defining Classes - Exercise", "12. Defining Classes - Exercise", "{FB32ACA9-D4AD-41EA-8D18-642FC25692A4}"
EndProject
Project("{2150E333-8FDC-42A3-9474-1A3956D46DE8}") = "01. Define a Class Person", "01. Define a Class Person", "{B403B7E6-BD2C-4ACE-B94D-691FC6E4ADAE}"
EndProject
Project("{9A19103F-16F7-4668-BE54-9A1E7A4F7556}") = "DefiningClasses", "DefiningClasses\DefiningClasses.csproj", "{3098D4F4-A521-424F-A94F-71D7DFCC2CB2}"
EndProject
Project("{2150E333-8FDC-42A3-9474-1A3956D46DE8}") = "06. Speed Racing", "06. Speed Racing", "{CC2D56E4-B48D-4B67-8CDF-0B52D9000D0D}"
EndProject
Project("{9A19103F-16F7-4668-BE54-9A1E7A4F7556}") = "06. Speed Racing", "06. Speed Racing\06. Speed Racing.csproj", "{42A1F798-7F8E-4E0C-AFFC-6761AC9D4E04}"
EndProject
Project("{2150E333-8FDC-42A3-9474-1A3956D46DE8}") = "15. Implementing Linked List", "15. Implementing Linked List", "{CF9F55D7-83D6-4997-AA17-0D867D3095FC}"
EndProject
Project("{9A19103F-16F7-4668-BE54-9A1E7A4F7556}") = "CustomDoublyLinkedList", "Implementing Linked List\CustomDoublyLinkedList.csproj", "{F01A6A92-BF35-4962-A2A3-950707576FC4}"
EndProject
Project("{2150E333-8FDC-42A3-9474-1A3956D46DE8}") = "16. mplementing Stack and Queue", "16. mplementing Stack and Queue", "{5DB368FC-7422-4E68-8861-10932349D48B}"
EndProject
Project("{9A19103F-16F7-4668-BE54-9A1E7A4F7556}") = "Implementing Stack and Queue", "Implementing Stack and Queue\Implementing Stack and Queue.csproj", "{D5D3BC92-4782-4F46-856F-0DFF2B0DF1E4}"
EndProject
Project("{2150E333-8FDC-42A3-9474-1A3956D46DE8}") = "17. Generics - Lab", "17. Generics - Lab", "{1E85E305-22A1-454A-9F70-E1CA3C7B36FD}"
EndProject
Project("{9A19103F-16F7-4668-BE54-9A1E7A4F7556}") = "01. Box", "01. Box\01. Box.csproj", "{49A359F0-C6F6-4B89-909D-C3A83B8D7D73}"
EndProject
Project("{9A19103F-16F7-4668-BE54-9A1E7A4F7556}") = "BoxOfT", "BoxOfT\BoxOfT.csproj", "{C32AE1DE-0C38-49F2-9AE5-CF713B2EF68E}"
EndProject
Project("{9A19103F-16F7-4668-BE54-9A1E7A4F7556}") = "GenericArrayCreator", "GenericArrayCreator\GenericArrayCreator.csproj", "{F5D6E06C-CB92-4234-ABDE-F7A599E607C3}"
EndProject
Project("{9A19103F-16F7-4668-BE54-9A1E7A4F7556}") = "GenericScale", "GenericScale\GenericScale.csproj", "{840F55E6-544D-42C2-AB9F-6D6DD6BB4B0E}"
EndProject
Project("{2150E333-8FDC-42A3-9474-1A3956D46DE8}") = "18. Generics - Exercise", "18. Generics - Exercise", "{5F5A61B6-4D19-4053-AF11-D9A6DA562659}"
EndProject
Project("{9A19103F-16F7-4668-BE54-9A1E7A4F7556}") = "01. Generic Box of String", "01. Generic Box of String\01. Generic Box of String.csproj", "{04D46ECE-1DB6-475D-BEB6-11BF182C90D1}"
EndProject
Project("{9A19103F-16F7-4668-BE54-9A1E7A4F7556}") = "GenericBoxofString", "01a. Generic Box of String\GenericBoxofString.csproj", "{0B5353CC-74BF-49E1-B0B4-F87852F6FD95}"
EndProject
Project("{9A19103F-16F7-4668-BE54-9A1E7A4F7556}") = "GenericSwapMethodString", "GenericSwapMethodString\GenericSwapMethodString.csproj", "{00BCA935-AC10-4820-82BC-AC65C1C153B1}"
EndProject
Project("{9A19103F-16F7-4668-BE54-9A1E7A4F7556}") = "GenericSwapMethodIntegers", "GenericSwapMethodIntegers\GenericSwapMethodIntegers.csproj", "{DE9BF82A-1DFD-4877-92AC-90D78585E88A}"
EndProject
Project("{9A19103F-16F7-4668-BE54-9A1E7A4F7556}") = "GenericCountMethodString", "GenericCountMethodString\GenericCountMethodString.csproj", "{A573E400-9613-4C7F-8367-0E488D87B642}"
EndProject
Project("{9A19103F-16F7-4668-BE54-9A1E7A4F7556}") = "GenericCountMethodDouble", "GenericCountMethodDouble\GenericCountMethodDouble.csproj", "{32BDAAAE-84D4-4D8C-AEEE-53AF13DE93F0}"
EndProject
Project("{9A19103F-16F7-4668-BE54-9A1E7A4F7556}") = "Tuple", "Tuple\Tuple.csproj", "{0600EA95-BD26-44F6-AA6B-DCA1B83CF06D}"
EndProject
Project("{9A19103F-16F7-4668-BE54-9A1E7A4F7556}") = "IteratorsAndComparators", "IteratorsAndComparators\IteratorsAndComparators.csproj", "{AD639DF1-B4EC-4D6D-B94F-2B83BC485471}"
EndProject
Project("{2150E333-8FDC-42A3-9474-1A3956D46DE8}") = "19. Defining Classes - Lab", "19. Defining Classes - Lab", "{19B3D108-B3FC-4125-A3A9-6E05E145E7DA}"
EndProject
Project("{9A19103F-16F7-4668-BE54-9A1E7A4F7556}") = "01. Reverse a String", "01. Reverse a String\01. Reverse a String.csproj", "{2C09120E-8621-4FDB-9D74-D8ACA905DDE2}"
EndProject
Project("{9A19103F-16F7-4668-BE54-9A1E7A4F7556}") = "02. Stack Sum", "02. Stack Sum\02. Stack Sum.csproj", "{DB293D99-2F2E-4F45-BCFF-742F0C2EC195}"
EndProject
Project("{9A19103F-16F7-4668-BE54-9A1E7A4F7556}") = "03. Simple Calculator", "03. Simple Calculator\03. Simple Calculator.csproj", "{27DBC553-270E-4B9C-B756-A000E1293113}"
EndProject
Project("{9A19103F-16F7-4668-BE54-9A1E7A4F7556}") = "03gpt. Simple Calculator", "03gpt. Simple Calculator\03gpt. Simple Calculator.csproj", "{97ECA8B8-3906-48F1-9CC0-29E1F2190528}"
EndProject
Project("{9A19103F-16F7-4668-BE54-9A1E7A4F7556}") = "04. Matching Brackets", "04. Matching Brackets\04. Matching Brackets.csproj", "{856C691C-7B80-4AC5-BC67-471116F35562}"
EndProject
Project("{9A19103F-16F7-4668-BE54-9A1E7A4F7556}") = "05. Print Even Numbers", "05. Print Even Numbers\05. Print Even Numbers.csproj", "{F167075A-5245-4BD0-8B75-899DAC0BD81F}"
EndProject
Project("{9A19103F-16F7-4668-BE54-9A1E7A4F7556}") = "06. Supermarket", "06. Supermarket\06. Supermarket.csproj", "{C316D289-3227-4BFE-8716-75E9C3DBDCEF}"
EndProject
Project("{9A19103F-16F7-4668-BE54-9A1E7A4F7556}") = "07. Hot Potato", "07. Hot Potato\07. Hot Potato.csproj", "{F6F22067-8194-43C7-9F5B-2A6E83AD9C3A}"
EndProject
Project("{9A19103F-16F7-4668-BE54-9A1E7A4F7556}") = "08. Traffic Jam", "08. Traffic Jam\08. Traffic Jam.csproj", "{E9027D27-AD46-4071-92FA-25E2EFC419A2}"
EndProject
Project("{9A19103F-16F7-4668-BE54-9A1E7A4F7556}") = "001. Basic Stack Operations", "001. Basic Stack Operations\001. Basic Stack Operations.csproj", "{CDEF74EE-FC93-4489-8150-0CE03EBA76C8}"
EndProject
Project("{9A19103F-16F7-4668-BE54-9A1E7A4F7556}") = "002. Basic Queue Operations", "002. Basic Queue Operations\002. Basic Queue Operations.csproj", "{73C41F01-C8AC-4EED-8478-72B0F74575ED}"
EndProject
Project("{9A19103F-16F7-4668-BE54-9A1E7A4F7556}") = "003. Maximum and Minimum Element", "003. Maximum and Minimum Element\003. Maximum and Minimum Element.csproj", "{22C8C502-27FF-4205-9800-7437B1D10109}"
EndProject
Project("{9A19103F-16F7-4668-BE54-9A1E7A4F7556}") = "004. Fast Food", "004. Fast Food\004. Fast Food.csproj", "{E0607023-67C2-4FEB-A0A5-9A6FD2668F00}"
EndProject
Project("{9A19103F-16F7-4668-BE54-9A1E7A4F7556}") = "005. Fashion Boutique", "005. Fashion Boutique\005. Fashion Boutique.csproj", "{808334DE-7967-464A-A302-2353DED4283A}"
EndProject
Project("{9A19103F-16F7-4668-BE54-9A1E7A4F7556}") = "006. Songs Queue", "006. Songs Queue\006. Songs Queue.csproj", "{5C68107D-0A97-4CD6-BABC-3DEAD13438B3}"
EndProject
Project("{9A19103F-16F7-4668-BE54-9A1E7A4F7556}") = "007. Truck Tour", "007. Truck Tour\007. Truck Tour.csproj", "{205E6EC7-3F5C-41E9-97BF-C97BA2A2DD8D}"
EndProject
Project("{9A19103F-16F7-4668-BE54-9A1E7A4F7556}") = "01. Sum Matrix Elements", "01. Sum Matrix Elements\01. Sum Matrix Elements.csproj", "{6DA254A2-4FDE-441A-87D2-C18F4E6F630F}"
EndProject
Project("{9A19103F-16F7-4668-BE54-9A1E7A4F7556}") = "001. Count Same Values in Array", "001. Count Same Values in Array\001. Count Same Values in Array.csproj", "{E32312A7-ADD5-4997-946D-C147864FF1D6}"
EndProject
Project("{9A19103F-16F7-4668-BE54-9A1E7A4F7556}") = "002. Average Student Grades", "002. Average Student Grades\002. Average Student Grades.csproj", "{48F449D1-EC93-4EDF-97C1-B926DAF3382A}"
EndProject
Project("{9A19103F-16F7-4668-BE54-9A1E7A4F7556}") = "002a. Average Student Grades", "002a. Average Student Grades\002a. Average Student Grades.csproj", "{74CDD9FC-13CD-422D-B4DF-67A2548C7BD5}"
EndProject
Project("{9A19103F-16F7-4668-BE54-9A1E7A4F7556}") = "003. Largest 3 Numbers", "003. Largest 3 Numbers\003. Largest 3 Numbers.csproj", "{6C79A158-D871-4DA0-AD9C-F525B9464459}"
EndProject
Project("{9A19103F-16F7-4668-BE54-9A1E7A4F7556}") = "004. Product Shop", "004. Product Shop\004. Product Shop.csproj", "{6354B716-75C6-4C4A-86E6-88761B52D5EE}"
EndProject
Project("{FAE04EC0-301F-11D3-BF4B-00C04F79EFBC}") = "004cs. Product Shop", "004cs. Product Shop\004cs. Product Shop.csproj", "{F67B743F-E86F-445E-80E1-F656DCFF7A14}"
EndProject
Global
	GlobalSection(SolutionConfigurationPlatforms) = preSolution
		Debug|Any CPU = Debug|Any CPU
		Release|Any CPU = Release|Any CPU
	EndGlobalSection
	GlobalSection(ProjectConfigurationPlatforms) = postSolution
		{EC370A46-7181-4EF9-8850-FC75E3F7954D}.Debug|Any CPU.ActiveCfg = Debug|Any CPU
		{EC370A46-7181-4EF9-8850-FC75E3F7954D}.Debug|Any CPU.Build.0 = Debug|Any CPU
		{EC370A46-7181-4EF9-8850-FC75E3F7954D}.Release|Any CPU.ActiveCfg = Release|Any CPU
		{EC370A46-7181-4EF9-8850-FC75E3F7954D}.Release|Any CPU.Build.0 = Release|Any CPU
		{B849ED28-295A-42A4-AB6C-AE18496D0012}.Debug|Any CPU.ActiveCfg = Debug|Any CPU
		{B849ED28-295A-42A4-AB6C-AE18496D0012}.Debug|Any CPU.Build.0 = Debug|Any CPU
		{B849ED28-295A-42A4-AB6C-AE18496D0012}.Release|Any CPU.ActiveCfg = Release|Any CPU
		{B849ED28-295A-42A4-AB6C-AE18496D0012}.Release|Any CPU.Build.0 = Release|Any CPU
		{8DF9C59F-760A-49E4-98AC-DF7C5BCA91D9}.Debug|Any CPU.ActiveCfg = Debug|Any CPU
		{8DF9C59F-760A-49E4-98AC-DF7C5BCA91D9}.Debug|Any CPU.Build.0 = Debug|Any CPU
		{8DF9C59F-760A-49E4-98AC-DF7C5BCA91D9}.Release|Any CPU.ActiveCfg = Release|Any CPU
		{8DF9C59F-760A-49E4-98AC-DF7C5BCA91D9}.Release|Any CPU.Build.0 = Release|Any CPU
		{B38648F5-87CA-4010-B694-57A0A8F8E41E}.Debug|Any CPU.ActiveCfg = Debug|Any CPU
		{B38648F5-87CA-4010-B694-57A0A8F8E41E}.Debug|Any CPU.Build.0 = Debug|Any CPU
		{B38648F5-87CA-4010-B694-57A0A8F8E41E}.Release|Any CPU.ActiveCfg = Release|Any CPU
		{B38648F5-87CA-4010-B694-57A0A8F8E41E}.Release|Any CPU.Build.0 = Release|Any CPU
		{AA151081-A399-409F-A746-BE54916601C8}.Debug|Any CPU.ActiveCfg = Debug|Any CPU
		{AA151081-A399-409F-A746-BE54916601C8}.Debug|Any CPU.Build.0 = Debug|Any CPU
		{AA151081-A399-409F-A746-BE54916601C8}.Release|Any CPU.ActiveCfg = Release|Any CPU
		{AA151081-A399-409F-A746-BE54916601C8}.Release|Any CPU.Build.0 = Release|Any CPU
		{7B8F4C60-E926-4356-9BDA-5DC69F37F661}.Debug|Any CPU.ActiveCfg = Debug|Any CPU
		{7B8F4C60-E926-4356-9BDA-5DC69F37F661}.Debug|Any CPU.Build.0 = Debug|Any CPU
		{7B8F4C60-E926-4356-9BDA-5DC69F37F661}.Release|Any CPU.ActiveCfg = Release|Any CPU
		{7B8F4C60-E926-4356-9BDA-5DC69F37F661}.Release|Any CPU.Build.0 = Release|Any CPU
		{58E1BD93-33E0-48C5-9E69-CB607BDEB6EF}.Debug|Any CPU.ActiveCfg = Debug|Any CPU
		{58E1BD93-33E0-48C5-9E69-CB607BDEB6EF}.Debug|Any CPU.Build.0 = Debug|Any CPU
		{58E1BD93-33E0-48C5-9E69-CB607BDEB6EF}.Release|Any CPU.ActiveCfg = Release|Any CPU
		{58E1BD93-33E0-48C5-9E69-CB607BDEB6EF}.Release|Any CPU.Build.0 = Release|Any CPU
		{A584017B-ECC6-46B8-8B0F-6749FF60C7A0}.Debug|Any CPU.ActiveCfg = Debug|Any CPU
		{A584017B-ECC6-46B8-8B0F-6749FF60C7A0}.Debug|Any CPU.Build.0 = Debug|Any CPU
		{A584017B-ECC6-46B8-8B0F-6749FF60C7A0}.Release|Any CPU.ActiveCfg = Release|Any CPU
		{A584017B-ECC6-46B8-8B0F-6749FF60C7A0}.Release|Any CPU.Build.0 = Release|Any CPU
		{3F21C158-5A59-44A5-BAAE-6AF59143F217}.Debug|Any CPU.ActiveCfg = Debug|Any CPU
		{3F21C158-5A59-44A5-BAAE-6AF59143F217}.Debug|Any CPU.Build.0 = Debug|Any CPU
		{3F21C158-5A59-44A5-BAAE-6AF59143F217}.Release|Any CPU.ActiveCfg = Release|Any CPU
		{3F21C158-5A59-44A5-BAAE-6AF59143F217}.Release|Any CPU.Build.0 = Release|Any CPU
		{3081B269-9677-4C35-B3E1-DF3D00F2E152}.Debug|Any CPU.ActiveCfg = Debug|Any CPU
		{3081B269-9677-4C35-B3E1-DF3D00F2E152}.Debug|Any CPU.Build.0 = Debug|Any CPU
		{3081B269-9677-4C35-B3E1-DF3D00F2E152}.Release|Any CPU.ActiveCfg = Release|Any CPU
		{3081B269-9677-4C35-B3E1-DF3D00F2E152}.Release|Any CPU.Build.0 = Release|Any CPU
		{7FF0CC04-4622-4535-BDAB-94587038FA82}.Debug|Any CPU.ActiveCfg = Debug|Any CPU
		{7FF0CC04-4622-4535-BDAB-94587038FA82}.Debug|Any CPU.Build.0 = Debug|Any CPU
		{7FF0CC04-4622-4535-BDAB-94587038FA82}.Release|Any CPU.ActiveCfg = Release|Any CPU
		{7FF0CC04-4622-4535-BDAB-94587038FA82}.Release|Any CPU.Build.0 = Release|Any CPU
		{2BE0DBE6-C08A-4657-AD51-FEEB3592D398}.Debug|Any CPU.ActiveCfg = Debug|Any CPU
		{2BE0DBE6-C08A-4657-AD51-FEEB3592D398}.Debug|Any CPU.Build.0 = Debug|Any CPU
		{2BE0DBE6-C08A-4657-AD51-FEEB3592D398}.Release|Any CPU.ActiveCfg = Release|Any CPU
		{2BE0DBE6-C08A-4657-AD51-FEEB3592D398}.Release|Any CPU.Build.0 = Release|Any CPU
		{96D3A7B1-2569-4940-B396-CA386268D8EE}.Debug|Any CPU.ActiveCfg = Debug|Any CPU
		{96D3A7B1-2569-4940-B396-CA386268D8EE}.Debug|Any CPU.Build.0 = Debug|Any CPU
		{96D3A7B1-2569-4940-B396-CA386268D8EE}.Release|Any CPU.ActiveCfg = Release|Any CPU
		{96D3A7B1-2569-4940-B396-CA386268D8EE}.Release|Any CPU.Build.0 = Release|Any CPU
		{82F0A5A3-64E4-4E75-8566-ADD9B72535CE}.Debug|Any CPU.ActiveCfg = Debug|Any CPU
		{82F0A5A3-64E4-4E75-8566-ADD9B72535CE}.Debug|Any CPU.Build.0 = Debug|Any CPU
		{82F0A5A3-64E4-4E75-8566-ADD9B72535CE}.Release|Any CPU.ActiveCfg = Release|Any CPU
		{82F0A5A3-64E4-4E75-8566-ADD9B72535CE}.Release|Any CPU.Build.0 = Release|Any CPU
		{355FF641-6749-432D-8803-EEADF1FE4CD1}.Debug|Any CPU.ActiveCfg = Debug|Any CPU
		{355FF641-6749-432D-8803-EEADF1FE4CD1}.Debug|Any CPU.Build.0 = Debug|Any CPU
		{355FF641-6749-432D-8803-EEADF1FE4CD1}.Release|Any CPU.ActiveCfg = Release|Any CPU
		{355FF641-6749-432D-8803-EEADF1FE4CD1}.Release|Any CPU.Build.0 = Release|Any CPU
		{D07945B9-12E5-422D-9E5B-D8457F6F505F}.Debug|Any CPU.ActiveCfg = Debug|Any CPU
		{D07945B9-12E5-422D-9E5B-D8457F6F505F}.Debug|Any CPU.Build.0 = Debug|Any CPU
		{D07945B9-12E5-422D-9E5B-D8457F6F505F}.Release|Any CPU.ActiveCfg = Release|Any CPU
		{D07945B9-12E5-422D-9E5B-D8457F6F505F}.Release|Any CPU.Build.0 = Release|Any CPU
		{4B61AFCD-26B3-4B4C-AD05-3A00770A3D09}.Debug|Any CPU.ActiveCfg = Debug|Any CPU
		{4B61AFCD-26B3-4B4C-AD05-3A00770A3D09}.Debug|Any CPU.Build.0 = Debug|Any CPU
		{4B61AFCD-26B3-4B4C-AD05-3A00770A3D09}.Release|Any CPU.ActiveCfg = Release|Any CPU
		{4B61AFCD-26B3-4B4C-AD05-3A00770A3D09}.Release|Any CPU.Build.0 = Release|Any CPU
		{6B01475A-AF9E-48FC-A0B0-C0AFD58112BC}.Debug|Any CPU.ActiveCfg = Debug|Any CPU
		{6B01475A-AF9E-48FC-A0B0-C0AFD58112BC}.Debug|Any CPU.Build.0 = Debug|Any CPU
		{6B01475A-AF9E-48FC-A0B0-C0AFD58112BC}.Release|Any CPU.ActiveCfg = Release|Any CPU
		{6B01475A-AF9E-48FC-A0B0-C0AFD58112BC}.Release|Any CPU.Build.0 = Release|Any CPU
		{6EBFD524-8517-45EF-B7D3-02A13ECA37F2}.Debug|Any CPU.ActiveCfg = Debug|Any CPU
		{6EBFD524-8517-45EF-B7D3-02A13ECA37F2}.Debug|Any CPU.Build.0 = Debug|Any CPU
		{6EBFD524-8517-45EF-B7D3-02A13ECA37F2}.Release|Any CPU.ActiveCfg = Release|Any CPU
		{6EBFD524-8517-45EF-B7D3-02A13ECA37F2}.Release|Any CPU.Build.0 = Release|Any CPU
		{95C27F70-8528-4C93-BE3F-744625C594E5}.Debug|Any CPU.ActiveCfg = Debug|Any CPU
		{95C27F70-8528-4C93-BE3F-744625C594E5}.Debug|Any CPU.Build.0 = Debug|Any CPU
		{95C27F70-8528-4C93-BE3F-744625C594E5}.Release|Any CPU.ActiveCfg = Release|Any CPU
		{95C27F70-8528-4C93-BE3F-744625C594E5}.Release|Any CPU.Build.0 = Release|Any CPU
		{17ED20FC-4890-44BB-BEC4-35F4020F1C8A}.Debug|Any CPU.ActiveCfg = Debug|Any CPU
		{17ED20FC-4890-44BB-BEC4-35F4020F1C8A}.Debug|Any CPU.Build.0 = Debug|Any CPU
		{17ED20FC-4890-44BB-BEC4-35F4020F1C8A}.Release|Any CPU.ActiveCfg = Release|Any CPU
		{17ED20FC-4890-44BB-BEC4-35F4020F1C8A}.Release|Any CPU.Build.0 = Release|Any CPU
		{F147BEBC-7B4B-4829-B511-9E379F26A853}.Debug|Any CPU.ActiveCfg = Debug|Any CPU
		{F147BEBC-7B4B-4829-B511-9E379F26A853}.Debug|Any CPU.Build.0 = Debug|Any CPU
		{F147BEBC-7B4B-4829-B511-9E379F26A853}.Release|Any CPU.ActiveCfg = Release|Any CPU
		{F147BEBC-7B4B-4829-B511-9E379F26A853}.Release|Any CPU.Build.0 = Release|Any CPU
		{2766C724-36F6-4F34-ABC8-37098E6B7FE5}.Debug|Any CPU.ActiveCfg = Debug|Any CPU
		{2766C724-36F6-4F34-ABC8-37098E6B7FE5}.Debug|Any CPU.Build.0 = Debug|Any CPU
		{2766C724-36F6-4F34-ABC8-37098E6B7FE5}.Release|Any CPU.ActiveCfg = Release|Any CPU
		{2766C724-36F6-4F34-ABC8-37098E6B7FE5}.Release|Any CPU.Build.0 = Release|Any CPU
		{CFD76B7A-97CA-447E-A717-E8F8A7525E2D}.Debug|Any CPU.ActiveCfg = Debug|Any CPU
		{CFD76B7A-97CA-447E-A717-E8F8A7525E2D}.Debug|Any CPU.Build.0 = Debug|Any CPU
		{CFD76B7A-97CA-447E-A717-E8F8A7525E2D}.Release|Any CPU.ActiveCfg = Release|Any CPU
		{CFD76B7A-97CA-447E-A717-E8F8A7525E2D}.Release|Any CPU.Build.0 = Release|Any CPU
		{0FDD1751-E087-4C86-A3BC-9E631C3E0026}.Debug|Any CPU.ActiveCfg = Debug|Any CPU
		{0FDD1751-E087-4C86-A3BC-9E631C3E0026}.Debug|Any CPU.Build.0 = Debug|Any CPU
		{0FDD1751-E087-4C86-A3BC-9E631C3E0026}.Release|Any CPU.ActiveCfg = Release|Any CPU
		{0FDD1751-E087-4C86-A3BC-9E631C3E0026}.Release|Any CPU.Build.0 = Release|Any CPU
		{D21056B5-BD9F-4A44-B783-CE80601BFD3A}.Debug|Any CPU.ActiveCfg = Debug|Any CPU
		{D21056B5-BD9F-4A44-B783-CE80601BFD3A}.Debug|Any CPU.Build.0 = Debug|Any CPU
		{D21056B5-BD9F-4A44-B783-CE80601BFD3A}.Release|Any CPU.ActiveCfg = Release|Any CPU
		{D21056B5-BD9F-4A44-B783-CE80601BFD3A}.Release|Any CPU.Build.0 = Release|Any CPU
		{0B5BD440-7FB6-4BA0-B489-57BAB8E44341}.Debug|Any CPU.ActiveCfg = Debug|Any CPU
		{0B5BD440-7FB6-4BA0-B489-57BAB8E44341}.Debug|Any CPU.Build.0 = Debug|Any CPU
		{0B5BD440-7FB6-4BA0-B489-57BAB8E44341}.Release|Any CPU.ActiveCfg = Release|Any CPU
		{0B5BD440-7FB6-4BA0-B489-57BAB8E44341}.Release|Any CPU.Build.0 = Release|Any CPU
		{50AB7104-76E5-4F33-9834-40EDDB2C20F9}.Debug|Any CPU.ActiveCfg = Debug|Any CPU
		{50AB7104-76E5-4F33-9834-40EDDB2C20F9}.Debug|Any CPU.Build.0 = Debug|Any CPU
		{50AB7104-76E5-4F33-9834-40EDDB2C20F9}.Release|Any CPU.ActiveCfg = Release|Any CPU
		{50AB7104-76E5-4F33-9834-40EDDB2C20F9}.Release|Any CPU.Build.0 = Release|Any CPU
		{5B25D8C9-0716-430D-9331-34E8F2FC1FD3}.Debug|Any CPU.ActiveCfg = Debug|Any CPU
		{5B25D8C9-0716-430D-9331-34E8F2FC1FD3}.Debug|Any CPU.Build.0 = Debug|Any CPU
		{5B25D8C9-0716-430D-9331-34E8F2FC1FD3}.Release|Any CPU.ActiveCfg = Release|Any CPU
		{5B25D8C9-0716-430D-9331-34E8F2FC1FD3}.Release|Any CPU.Build.0 = Release|Any CPU
		{A5028355-A2D1-4386-A55E-3115EFC39792}.Debug|Any CPU.ActiveCfg = Debug|Any CPU
		{A5028355-A2D1-4386-A55E-3115EFC39792}.Debug|Any CPU.Build.0 = Debug|Any CPU
		{A5028355-A2D1-4386-A55E-3115EFC39792}.Release|Any CPU.ActiveCfg = Release|Any CPU
		{A5028355-A2D1-4386-A55E-3115EFC39792}.Release|Any CPU.Build.0 = Release|Any CPU
		{79247550-987D-4F25-ADC1-3681A813F56F}.Debug|Any CPU.ActiveCfg = Debug|Any CPU
		{79247550-987D-4F25-ADC1-3681A813F56F}.Debug|Any CPU.Build.0 = Debug|Any CPU
		{79247550-987D-4F25-ADC1-3681A813F56F}.Release|Any CPU.ActiveCfg = Release|Any CPU
		{79247550-987D-4F25-ADC1-3681A813F56F}.Release|Any CPU.Build.0 = Release|Any CPU
		{2AC1A29A-FE18-4D4D-8E67-3189E9CEBF89}.Debug|Any CPU.ActiveCfg = Debug|Any CPU
		{2AC1A29A-FE18-4D4D-8E67-3189E9CEBF89}.Debug|Any CPU.Build.0 = Debug|Any CPU
		{2AC1A29A-FE18-4D4D-8E67-3189E9CEBF89}.Release|Any CPU.ActiveCfg = Release|Any CPU
		{2AC1A29A-FE18-4D4D-8E67-3189E9CEBF89}.Release|Any CPU.Build.0 = Release|Any CPU
		{7A07DA06-593B-4CD1-9388-FA0A2AA7A690}.Debug|Any CPU.ActiveCfg = Debug|Any CPU
		{7A07DA06-593B-4CD1-9388-FA0A2AA7A690}.Debug|Any CPU.Build.0 = Debug|Any CPU
		{7A07DA06-593B-4CD1-9388-FA0A2AA7A690}.Release|Any CPU.ActiveCfg = Release|Any CPU
		{7A07DA06-593B-4CD1-9388-FA0A2AA7A690}.Release|Any CPU.Build.0 = Release|Any CPU
		{AFAFC82D-803B-461B-9153-38EFAB5F50ED}.Debug|Any CPU.ActiveCfg = Debug|Any CPU
		{AFAFC82D-803B-461B-9153-38EFAB5F50ED}.Debug|Any CPU.Build.0 = Debug|Any CPU
		{AFAFC82D-803B-461B-9153-38EFAB5F50ED}.Release|Any CPU.ActiveCfg = Release|Any CPU
		{AFAFC82D-803B-461B-9153-38EFAB5F50ED}.Release|Any CPU.Build.0 = Release|Any CPU
		{BA3DB802-2E31-4E5F-8CA8-9B4285ED08D4}.Debug|Any CPU.ActiveCfg = Debug|Any CPU
		{BA3DB802-2E31-4E5F-8CA8-9B4285ED08D4}.Debug|Any CPU.Build.0 = Debug|Any CPU
		{BA3DB802-2E31-4E5F-8CA8-9B4285ED08D4}.Release|Any CPU.ActiveCfg = Release|Any CPU
		{BA3DB802-2E31-4E5F-8CA8-9B4285ED08D4}.Release|Any CPU.Build.0 = Release|Any CPU
		{ECE81702-D29C-4D47-9BCC-927FCB6366E2}.Debug|Any CPU.ActiveCfg = Debug|Any CPU
		{ECE81702-D29C-4D47-9BCC-927FCB6366E2}.Debug|Any CPU.Build.0 = Debug|Any CPU
		{ECE81702-D29C-4D47-9BCC-927FCB6366E2}.Release|Any CPU.ActiveCfg = Release|Any CPU
		{ECE81702-D29C-4D47-9BCC-927FCB6366E2}.Release|Any CPU.Build.0 = Release|Any CPU
		{A6AE9102-5C99-4B87-B952-08FF130BB3D7}.Debug|Any CPU.ActiveCfg = Debug|Any CPU
		{A6AE9102-5C99-4B87-B952-08FF130BB3D7}.Debug|Any CPU.Build.0 = Debug|Any CPU
		{A6AE9102-5C99-4B87-B952-08FF130BB3D7}.Release|Any CPU.ActiveCfg = Release|Any CPU
		{A6AE9102-5C99-4B87-B952-08FF130BB3D7}.Release|Any CPU.Build.0 = Release|Any CPU
		{4F84FB26-1A6C-4239-AE71-CB405096571F}.Debug|Any CPU.ActiveCfg = Debug|Any CPU
		{4F84FB26-1A6C-4239-AE71-CB405096571F}.Debug|Any CPU.Build.0 = Debug|Any CPU
		{4F84FB26-1A6C-4239-AE71-CB405096571F}.Release|Any CPU.ActiveCfg = Release|Any CPU
		{4F84FB26-1A6C-4239-AE71-CB405096571F}.Release|Any CPU.Build.0 = Release|Any CPU
		{8D414316-01D4-41B4-AE88-4D62E515C744}.Debug|Any CPU.ActiveCfg = Debug|Any CPU
		{8D414316-01D4-41B4-AE88-4D62E515C744}.Debug|Any CPU.Build.0 = Debug|Any CPU
		{8D414316-01D4-41B4-AE88-4D62E515C744}.Release|Any CPU.ActiveCfg = Release|Any CPU
		{8D414316-01D4-41B4-AE88-4D62E515C744}.Release|Any CPU.Build.0 = Release|Any CPU
		{40AAE7E9-7BB8-432F-9C20-00386065E760}.Debug|Any CPU.ActiveCfg = Debug|Any CPU
		{40AAE7E9-7BB8-432F-9C20-00386065E760}.Debug|Any CPU.Build.0 = Debug|Any CPU
		{40AAE7E9-7BB8-432F-9C20-00386065E760}.Release|Any CPU.ActiveCfg = Release|Any CPU
		{40AAE7E9-7BB8-432F-9C20-00386065E760}.Release|Any CPU.Build.0 = Release|Any CPU
		{63788C78-6282-4DE3-9085-2CF25BD5A80D}.Debug|Any CPU.ActiveCfg = Debug|Any CPU
		{63788C78-6282-4DE3-9085-2CF25BD5A80D}.Debug|Any CPU.Build.0 = Debug|Any CPU
		{63788C78-6282-4DE3-9085-2CF25BD5A80D}.Release|Any CPU.ActiveCfg = Release|Any CPU
		{63788C78-6282-4DE3-9085-2CF25BD5A80D}.Release|Any CPU.Build.0 = Release|Any CPU
		{3CFAEFEF-467E-4897-AD19-B66ABC4711FC}.Debug|Any CPU.ActiveCfg = Debug|Any CPU
		{3CFAEFEF-467E-4897-AD19-B66ABC4711FC}.Debug|Any CPU.Build.0 = Debug|Any CPU
		{3CFAEFEF-467E-4897-AD19-B66ABC4711FC}.Release|Any CPU.ActiveCfg = Release|Any CPU
		{3CFAEFEF-467E-4897-AD19-B66ABC4711FC}.Release|Any CPU.Build.0 = Release|Any CPU
		{57734838-B4A8-40AE-B46C-89C698782E8B}.Debug|Any CPU.ActiveCfg = Debug|Any CPU
		{57734838-B4A8-40AE-B46C-89C698782E8B}.Debug|Any CPU.Build.0 = Debug|Any CPU
		{57734838-B4A8-40AE-B46C-89C698782E8B}.Release|Any CPU.ActiveCfg = Release|Any CPU
		{57734838-B4A8-40AE-B46C-89C698782E8B}.Release|Any CPU.Build.0 = Release|Any CPU
		{5EC109C6-35B5-477D-BE54-BA45DD0C4633}.Debug|Any CPU.ActiveCfg = Debug|Any CPU
		{5EC109C6-35B5-477D-BE54-BA45DD0C4633}.Debug|Any CPU.Build.0 = Debug|Any CPU
		{5EC109C6-35B5-477D-BE54-BA45DD0C4633}.Release|Any CPU.ActiveCfg = Release|Any CPU
		{5EC109C6-35B5-477D-BE54-BA45DD0C4633}.Release|Any CPU.Build.0 = Release|Any CPU
		{AA47C7A1-E185-4FD9-89F1-A34FA83C706B}.Debug|Any CPU.ActiveCfg = Debug|Any CPU
		{AA47C7A1-E185-4FD9-89F1-A34FA83C706B}.Debug|Any CPU.Build.0 = Debug|Any CPU
		{AA47C7A1-E185-4FD9-89F1-A34FA83C706B}.Release|Any CPU.ActiveCfg = Release|Any CPU
		{AA47C7A1-E185-4FD9-89F1-A34FA83C706B}.Release|Any CPU.Build.0 = Release|Any CPU
		{9562766A-7099-4A19-A45C-0147F668DE8B}.Debug|Any CPU.ActiveCfg = Debug|Any CPU
		{9562766A-7099-4A19-A45C-0147F668DE8B}.Debug|Any CPU.Build.0 = Debug|Any CPU
		{9562766A-7099-4A19-A45C-0147F668DE8B}.Release|Any CPU.ActiveCfg = Release|Any CPU
		{9562766A-7099-4A19-A45C-0147F668DE8B}.Release|Any CPU.Build.0 = Release|Any CPU
		{1A421902-32EE-4C55-9128-97381BFB8F5A}.Debug|Any CPU.ActiveCfg = Debug|Any CPU
		{1A421902-32EE-4C55-9128-97381BFB8F5A}.Debug|Any CPU.Build.0 = Debug|Any CPU
		{1A421902-32EE-4C55-9128-97381BFB8F5A}.Release|Any CPU.ActiveCfg = Release|Any CPU
		{1A421902-32EE-4C55-9128-97381BFB8F5A}.Release|Any CPU.Build.0 = Release|Any CPU
		{5F85DCB0-86DE-4B21-BA68-3280663F48F9}.Debug|Any CPU.ActiveCfg = Debug|Any CPU
		{5F85DCB0-86DE-4B21-BA68-3280663F48F9}.Debug|Any CPU.Build.0 = Debug|Any CPU
		{5F85DCB0-86DE-4B21-BA68-3280663F48F9}.Release|Any CPU.ActiveCfg = Release|Any CPU
		{5F85DCB0-86DE-4B21-BA68-3280663F48F9}.Release|Any CPU.Build.0 = Release|Any CPU
		{2F78A725-B2E8-495D-9CAA-8FC5F465394C}.Debug|Any CPU.ActiveCfg = Debug|Any CPU
		{2F78A725-B2E8-495D-9CAA-8FC5F465394C}.Debug|Any CPU.Build.0 = Debug|Any CPU
		{2F78A725-B2E8-495D-9CAA-8FC5F465394C}.Release|Any CPU.ActiveCfg = Release|Any CPU
		{2F78A725-B2E8-495D-9CAA-8FC5F465394C}.Release|Any CPU.Build.0 = Release|Any CPU
		{5BB61BE1-6A18-423C-9063-C44032272876}.Debug|Any CPU.ActiveCfg = Debug|Any CPU
		{5BB61BE1-6A18-423C-9063-C44032272876}.Debug|Any CPU.Build.0 = Debug|Any CPU
		{5BB61BE1-6A18-423C-9063-C44032272876}.Release|Any CPU.ActiveCfg = Release|Any CPU
		{5BB61BE1-6A18-423C-9063-C44032272876}.Release|Any CPU.Build.0 = Release|Any CPU
		{18FC49C4-6920-4B63-8526-6D1D895C9B9D}.Debug|Any CPU.ActiveCfg = Debug|Any CPU
		{18FC49C4-6920-4B63-8526-6D1D895C9B9D}.Debug|Any CPU.Build.0 = Debug|Any CPU
		{18FC49C4-6920-4B63-8526-6D1D895C9B9D}.Release|Any CPU.ActiveCfg = Release|Any CPU
		{18FC49C4-6920-4B63-8526-6D1D895C9B9D}.Release|Any CPU.Build.0 = Release|Any CPU
		{97EA3CAE-3C4A-4A51-9C64-54FFB64E5AE2}.Debug|Any CPU.ActiveCfg = Debug|Any CPU
		{97EA3CAE-3C4A-4A51-9C64-54FFB64E5AE2}.Debug|Any CPU.Build.0 = Debug|Any CPU
		{97EA3CAE-3C4A-4A51-9C64-54FFB64E5AE2}.Release|Any CPU.ActiveCfg = Release|Any CPU
		{97EA3CAE-3C4A-4A51-9C64-54FFB64E5AE2}.Release|Any CPU.Build.0 = Release|Any CPU
		{C4CC9131-FC6B-4EBF-BAB0-8BE21D7AF893}.Debug|Any CPU.ActiveCfg = Debug|Any CPU
		{C4CC9131-FC6B-4EBF-BAB0-8BE21D7AF893}.Debug|Any CPU.Build.0 = Debug|Any CPU
		{C4CC9131-FC6B-4EBF-BAB0-8BE21D7AF893}.Release|Any CPU.ActiveCfg = Release|Any CPU
		{C4CC9131-FC6B-4EBF-BAB0-8BE21D7AF893}.Release|Any CPU.Build.0 = Release|Any CPU
		{6D7E4D93-6835-42F4-B091-7A007CC1296F}.Debug|Any CPU.ActiveCfg = Debug|Any CPU
		{6D7E4D93-6835-42F4-B091-7A007CC1296F}.Debug|Any CPU.Build.0 = Debug|Any CPU
		{6D7E4D93-6835-42F4-B091-7A007CC1296F}.Release|Any CPU.ActiveCfg = Release|Any CPU
		{6D7E4D93-6835-42F4-B091-7A007CC1296F}.Release|Any CPU.Build.0 = Release|Any CPU
		{976E61AD-4D13-4014-A647-C3AEBB370464}.Debug|Any CPU.ActiveCfg = Debug|Any CPU
		{976E61AD-4D13-4014-A647-C3AEBB370464}.Debug|Any CPU.Build.0 = Debug|Any CPU
		{976E61AD-4D13-4014-A647-C3AEBB370464}.Release|Any CPU.ActiveCfg = Release|Any CPU
		{976E61AD-4D13-4014-A647-C3AEBB370464}.Release|Any CPU.Build.0 = Release|Any CPU
		{EEAC04B0-5DC6-46E0-8ACA-48D8C14F22DF}.Debug|Any CPU.ActiveCfg = Debug|Any CPU
		{EEAC04B0-5DC6-46E0-8ACA-48D8C14F22DF}.Debug|Any CPU.Build.0 = Debug|Any CPU
		{EEAC04B0-5DC6-46E0-8ACA-48D8C14F22DF}.Release|Any CPU.ActiveCfg = Release|Any CPU
		{EEAC04B0-5DC6-46E0-8ACA-48D8C14F22DF}.Release|Any CPU.Build.0 = Release|Any CPU
		{A4417E06-FDF7-4436-A53B-B6AF41BC7B0D}.Debug|Any CPU.ActiveCfg = Debug|Any CPU
		{A4417E06-FDF7-4436-A53B-B6AF41BC7B0D}.Debug|Any CPU.Build.0 = Debug|Any CPU
		{A4417E06-FDF7-4436-A53B-B6AF41BC7B0D}.Release|Any CPU.ActiveCfg = Release|Any CPU
		{A4417E06-FDF7-4436-A53B-B6AF41BC7B0D}.Release|Any CPU.Build.0 = Release|Any CPU
		{7DCFEB95-2B9A-40D6-88BC-E8B6043A0022}.Debug|Any CPU.ActiveCfg = Debug|Any CPU
		{7DCFEB95-2B9A-40D6-88BC-E8B6043A0022}.Debug|Any CPU.Build.0 = Debug|Any CPU
		{7DCFEB95-2B9A-40D6-88BC-E8B6043A0022}.Release|Any CPU.ActiveCfg = Release|Any CPU
		{7DCFEB95-2B9A-40D6-88BC-E8B6043A0022}.Release|Any CPU.Build.0 = Release|Any CPU
		{AF52A841-3DC2-455B-A13B-8CC5D0F9A0A8}.Debug|Any CPU.ActiveCfg = Debug|Any CPU
		{AF52A841-3DC2-455B-A13B-8CC5D0F9A0A8}.Debug|Any CPU.Build.0 = Debug|Any CPU
		{AF52A841-3DC2-455B-A13B-8CC5D0F9A0A8}.Release|Any CPU.ActiveCfg = Release|Any CPU
		{AF52A841-3DC2-455B-A13B-8CC5D0F9A0A8}.Release|Any CPU.Build.0 = Release|Any CPU
		{2B5D2F6A-09C9-4342-80FD-1E88ABFE3773}.Debug|Any CPU.ActiveCfg = Debug|Any CPU
		{2B5D2F6A-09C9-4342-80FD-1E88ABFE3773}.Debug|Any CPU.Build.0 = Debug|Any CPU
		{2B5D2F6A-09C9-4342-80FD-1E88ABFE3773}.Release|Any CPU.ActiveCfg = Release|Any CPU
		{2B5D2F6A-09C9-4342-80FD-1E88ABFE3773}.Release|Any CPU.Build.0 = Release|Any CPU
		{0E7AA243-8ACA-493A-9CEA-91E941B910F1}.Debug|Any CPU.ActiveCfg = Debug|Any CPU
		{0E7AA243-8ACA-493A-9CEA-91E941B910F1}.Debug|Any CPU.Build.0 = Debug|Any CPU
		{0E7AA243-8ACA-493A-9CEA-91E941B910F1}.Release|Any CPU.ActiveCfg = Release|Any CPU
		{0E7AA243-8ACA-493A-9CEA-91E941B910F1}.Release|Any CPU.Build.0 = Release|Any CPU
		{1D645D6B-7704-4FE4-8D7C-F8B3E4827F21}.Debug|Any CPU.ActiveCfg = Debug|Any CPU
		{1D645D6B-7704-4FE4-8D7C-F8B3E4827F21}.Debug|Any CPU.Build.0 = Debug|Any CPU
		{1D645D6B-7704-4FE4-8D7C-F8B3E4827F21}.Release|Any CPU.ActiveCfg = Release|Any CPU
		{1D645D6B-7704-4FE4-8D7C-F8B3E4827F21}.Release|Any CPU.Build.0 = Release|Any CPU
		{D8539745-121F-4238-8DD4-EEDEDC58C410}.Debug|Any CPU.ActiveCfg = Debug|Any CPU
		{D8539745-121F-4238-8DD4-EEDEDC58C410}.Debug|Any CPU.Build.0 = Debug|Any CPU
		{D8539745-121F-4238-8DD4-EEDEDC58C410}.Release|Any CPU.ActiveCfg = Release|Any CPU
		{D8539745-121F-4238-8DD4-EEDEDC58C410}.Release|Any CPU.Build.0 = Release|Any CPU
		{61318C0E-1FE0-4C86-99C5-AE9BB02A1805}.Debug|Any CPU.ActiveCfg = Debug|Any CPU
		{61318C0E-1FE0-4C86-99C5-AE9BB02A1805}.Debug|Any CPU.Build.0 = Debug|Any CPU
		{61318C0E-1FE0-4C86-99C5-AE9BB02A1805}.Release|Any CPU.ActiveCfg = Release|Any CPU
		{61318C0E-1FE0-4C86-99C5-AE9BB02A1805}.Release|Any CPU.Build.0 = Release|Any CPU
		{630429CC-6DC7-45C4-9E7C-7AA3830D19C7}.Debug|Any CPU.ActiveCfg = Debug|Any CPU
		{630429CC-6DC7-45C4-9E7C-7AA3830D19C7}.Debug|Any CPU.Build.0 = Debug|Any CPU
		{630429CC-6DC7-45C4-9E7C-7AA3830D19C7}.Release|Any CPU.ActiveCfg = Release|Any CPU
		{630429CC-6DC7-45C4-9E7C-7AA3830D19C7}.Release|Any CPU.Build.0 = Release|Any CPU
		{D27C63D9-D15A-4AB9-8FBC-93F9D9A3D6B7}.Debug|Any CPU.ActiveCfg = Debug|Any CPU
		{D27C63D9-D15A-4AB9-8FBC-93F9D9A3D6B7}.Debug|Any CPU.Build.0 = Debug|Any CPU
		{D27C63D9-D15A-4AB9-8FBC-93F9D9A3D6B7}.Release|Any CPU.ActiveCfg = Release|Any CPU
		{D27C63D9-D15A-4AB9-8FBC-93F9D9A3D6B7}.Release|Any CPU.Build.0 = Release|Any CPU
		{2532AB81-BB71-4878-9B12-EEF3BEAAAD8A}.Debug|Any CPU.ActiveCfg = Debug|Any CPU
		{2532AB81-BB71-4878-9B12-EEF3BEAAAD8A}.Debug|Any CPU.Build.0 = Debug|Any CPU
		{2532AB81-BB71-4878-9B12-EEF3BEAAAD8A}.Release|Any CPU.ActiveCfg = Release|Any CPU
		{2532AB81-BB71-4878-9B12-EEF3BEAAAD8A}.Release|Any CPU.Build.0 = Release|Any CPU
		{A5B6313F-A42D-4547-9943-5DBE6F8D8440}.Debug|Any CPU.ActiveCfg = Debug|Any CPU
		{A5B6313F-A42D-4547-9943-5DBE6F8D8440}.Debug|Any CPU.Build.0 = Debug|Any CPU
		{A5B6313F-A42D-4547-9943-5DBE6F8D8440}.Release|Any CPU.ActiveCfg = Release|Any CPU
		{A5B6313F-A42D-4547-9943-5DBE6F8D8440}.Release|Any CPU.Build.0 = Release|Any CPU
		{3098D4F4-A521-424F-A94F-71D7DFCC2CB2}.Debug|Any CPU.ActiveCfg = Debug|Any CPU
		{3098D4F4-A521-424F-A94F-71D7DFCC2CB2}.Debug|Any CPU.Build.0 = Debug|Any CPU
		{3098D4F4-A521-424F-A94F-71D7DFCC2CB2}.Release|Any CPU.ActiveCfg = Release|Any CPU
		{3098D4F4-A521-424F-A94F-71D7DFCC2CB2}.Release|Any CPU.Build.0 = Release|Any CPU
		{42A1F798-7F8E-4E0C-AFFC-6761AC9D4E04}.Debug|Any CPU.ActiveCfg = Debug|Any CPU
		{42A1F798-7F8E-4E0C-AFFC-6761AC9D4E04}.Debug|Any CPU.Build.0 = Debug|Any CPU
		{42A1F798-7F8E-4E0C-AFFC-6761AC9D4E04}.Release|Any CPU.ActiveCfg = Release|Any CPU
		{42A1F798-7F8E-4E0C-AFFC-6761AC9D4E04}.Release|Any CPU.Build.0 = Release|Any CPU
		{F01A6A92-BF35-4962-A2A3-950707576FC4}.Debug|Any CPU.ActiveCfg = Debug|Any CPU
		{F01A6A92-BF35-4962-A2A3-950707576FC4}.Debug|Any CPU.Build.0 = Debug|Any CPU
		{F01A6A92-BF35-4962-A2A3-950707576FC4}.Release|Any CPU.ActiveCfg = Release|Any CPU
		{F01A6A92-BF35-4962-A2A3-950707576FC4}.Release|Any CPU.Build.0 = Release|Any CPU
		{D5D3BC92-4782-4F46-856F-0DFF2B0DF1E4}.Debug|Any CPU.ActiveCfg = Debug|Any CPU
		{D5D3BC92-4782-4F46-856F-0DFF2B0DF1E4}.Debug|Any CPU.Build.0 = Debug|Any CPU
		{D5D3BC92-4782-4F46-856F-0DFF2B0DF1E4}.Release|Any CPU.ActiveCfg = Release|Any CPU
		{D5D3BC92-4782-4F46-856F-0DFF2B0DF1E4}.Release|Any CPU.Build.0 = Release|Any CPU
		{49A359F0-C6F6-4B89-909D-C3A83B8D7D73}.Debug|Any CPU.ActiveCfg = Debug|Any CPU
		{49A359F0-C6F6-4B89-909D-C3A83B8D7D73}.Debug|Any CPU.Build.0 = Debug|Any CPU
		{49A359F0-C6F6-4B89-909D-C3A83B8D7D73}.Release|Any CPU.ActiveCfg = Release|Any CPU
		{49A359F0-C6F6-4B89-909D-C3A83B8D7D73}.Release|Any CPU.Build.0 = Release|Any CPU
		{C32AE1DE-0C38-49F2-9AE5-CF713B2EF68E}.Debug|Any CPU.ActiveCfg = Debug|Any CPU
		{C32AE1DE-0C38-49F2-9AE5-CF713B2EF68E}.Debug|Any CPU.Build.0 = Debug|Any CPU
		{C32AE1DE-0C38-49F2-9AE5-CF713B2EF68E}.Release|Any CPU.ActiveCfg = Release|Any CPU
		{C32AE1DE-0C38-49F2-9AE5-CF713B2EF68E}.Release|Any CPU.Build.0 = Release|Any CPU
		{F5D6E06C-CB92-4234-ABDE-F7A599E607C3}.Debug|Any CPU.ActiveCfg = Debug|Any CPU
		{F5D6E06C-CB92-4234-ABDE-F7A599E607C3}.Debug|Any CPU.Build.0 = Debug|Any CPU
		{F5D6E06C-CB92-4234-ABDE-F7A599E607C3}.Release|Any CPU.ActiveCfg = Release|Any CPU
		{F5D6E06C-CB92-4234-ABDE-F7A599E607C3}.Release|Any CPU.Build.0 = Release|Any CPU
		{840F55E6-544D-42C2-AB9F-6D6DD6BB4B0E}.Debug|Any CPU.ActiveCfg = Debug|Any CPU
		{840F55E6-544D-42C2-AB9F-6D6DD6BB4B0E}.Debug|Any CPU.Build.0 = Debug|Any CPU
		{840F55E6-544D-42C2-AB9F-6D6DD6BB4B0E}.Release|Any CPU.ActiveCfg = Release|Any CPU
		{840F55E6-544D-42C2-AB9F-6D6DD6BB4B0E}.Release|Any CPU.Build.0 = Release|Any CPU
		{04D46ECE-1DB6-475D-BEB6-11BF182C90D1}.Debug|Any CPU.ActiveCfg = Debug|Any CPU
		{04D46ECE-1DB6-475D-BEB6-11BF182C90D1}.Debug|Any CPU.Build.0 = Debug|Any CPU
		{04D46ECE-1DB6-475D-BEB6-11BF182C90D1}.Release|Any CPU.ActiveCfg = Release|Any CPU
		{04D46ECE-1DB6-475D-BEB6-11BF182C90D1}.Release|Any CPU.Build.0 = Release|Any CPU
		{0B5353CC-74BF-49E1-B0B4-F87852F6FD95}.Debug|Any CPU.ActiveCfg = Debug|Any CPU
		{0B5353CC-74BF-49E1-B0B4-F87852F6FD95}.Debug|Any CPU.Build.0 = Debug|Any CPU
		{0B5353CC-74BF-49E1-B0B4-F87852F6FD95}.Release|Any CPU.ActiveCfg = Release|Any CPU
		{0B5353CC-74BF-49E1-B0B4-F87852F6FD95}.Release|Any CPU.Build.0 = Release|Any CPU
		{00BCA935-AC10-4820-82BC-AC65C1C153B1}.Debug|Any CPU.ActiveCfg = Debug|Any CPU
		{00BCA935-AC10-4820-82BC-AC65C1C153B1}.Debug|Any CPU.Build.0 = Debug|Any CPU
		{00BCA935-AC10-4820-82BC-AC65C1C153B1}.Release|Any CPU.ActiveCfg = Release|Any CPU
		{00BCA935-AC10-4820-82BC-AC65C1C153B1}.Release|Any CPU.Build.0 = Release|Any CPU
		{DE9BF82A-1DFD-4877-92AC-90D78585E88A}.Debug|Any CPU.ActiveCfg = Debug|Any CPU
		{DE9BF82A-1DFD-4877-92AC-90D78585E88A}.Debug|Any CPU.Build.0 = Debug|Any CPU
		{DE9BF82A-1DFD-4877-92AC-90D78585E88A}.Release|Any CPU.ActiveCfg = Release|Any CPU
		{DE9BF82A-1DFD-4877-92AC-90D78585E88A}.Release|Any CPU.Build.0 = Release|Any CPU
		{A573E400-9613-4C7F-8367-0E488D87B642}.Debug|Any CPU.ActiveCfg = Debug|Any CPU
		{A573E400-9613-4C7F-8367-0E488D87B642}.Debug|Any CPU.Build.0 = Debug|Any CPU
		{A573E400-9613-4C7F-8367-0E488D87B642}.Release|Any CPU.ActiveCfg = Release|Any CPU
		{A573E400-9613-4C7F-8367-0E488D87B642}.Release|Any CPU.Build.0 = Release|Any CPU
		{32BDAAAE-84D4-4D8C-AEEE-53AF13DE93F0}.Debug|Any CPU.ActiveCfg = Debug|Any CPU
		{32BDAAAE-84D4-4D8C-AEEE-53AF13DE93F0}.Debug|Any CPU.Build.0 = Debug|Any CPU
		{32BDAAAE-84D4-4D8C-AEEE-53AF13DE93F0}.Release|Any CPU.ActiveCfg = Release|Any CPU
		{32BDAAAE-84D4-4D8C-AEEE-53AF13DE93F0}.Release|Any CPU.Build.0 = Release|Any CPU
		{0600EA95-BD26-44F6-AA6B-DCA1B83CF06D}.Debug|Any CPU.ActiveCfg = Debug|Any CPU
		{0600EA95-BD26-44F6-AA6B-DCA1B83CF06D}.Debug|Any CPU.Build.0 = Debug|Any CPU
		{0600EA95-BD26-44F6-AA6B-DCA1B83CF06D}.Release|Any CPU.ActiveCfg = Release|Any CPU
		{0600EA95-BD26-44F6-AA6B-DCA1B83CF06D}.Release|Any CPU.Build.0 = Release|Any CPU
		{AD639DF1-B4EC-4D6D-B94F-2B83BC485471}.Debug|Any CPU.ActiveCfg = Debug|Any CPU
		{AD639DF1-B4EC-4D6D-B94F-2B83BC485471}.Debug|Any CPU.Build.0 = Debug|Any CPU
		{AD639DF1-B4EC-4D6D-B94F-2B83BC485471}.Release|Any CPU.ActiveCfg = Release|Any CPU
		{AD639DF1-B4EC-4D6D-B94F-2B83BC485471}.Release|Any CPU.Build.0 = Release|Any CPU
		{2C09120E-8621-4FDB-9D74-D8ACA905DDE2}.Debug|Any CPU.ActiveCfg = Debug|Any CPU
		{2C09120E-8621-4FDB-9D74-D8ACA905DDE2}.Debug|Any CPU.Build.0 = Debug|Any CPU
		{2C09120E-8621-4FDB-9D74-D8ACA905DDE2}.Release|Any CPU.ActiveCfg = Release|Any CPU
		{2C09120E-8621-4FDB-9D74-D8ACA905DDE2}.Release|Any CPU.Build.0 = Release|Any CPU
		{DB293D99-2F2E-4F45-BCFF-742F0C2EC195}.Debug|Any CPU.ActiveCfg = Debug|Any CPU
		{DB293D99-2F2E-4F45-BCFF-742F0C2EC195}.Debug|Any CPU.Build.0 = Debug|Any CPU
		{DB293D99-2F2E-4F45-BCFF-742F0C2EC195}.Release|Any CPU.ActiveCfg = Release|Any CPU
		{DB293D99-2F2E-4F45-BCFF-742F0C2EC195}.Release|Any CPU.Build.0 = Release|Any CPU
		{27DBC553-270E-4B9C-B756-A000E1293113}.Debug|Any CPU.ActiveCfg = Debug|Any CPU
		{27DBC553-270E-4B9C-B756-A000E1293113}.Debug|Any CPU.Build.0 = Debug|Any CPU
		{27DBC553-270E-4B9C-B756-A000E1293113}.Release|Any CPU.ActiveCfg = Release|Any CPU
		{27DBC553-270E-4B9C-B756-A000E1293113}.Release|Any CPU.Build.0 = Release|Any CPU
		{97ECA8B8-3906-48F1-9CC0-29E1F2190528}.Debug|Any CPU.ActiveCfg = Debug|Any CPU
		{97ECA8B8-3906-48F1-9CC0-29E1F2190528}.Debug|Any CPU.Build.0 = Debug|Any CPU
		{97ECA8B8-3906-48F1-9CC0-29E1F2190528}.Release|Any CPU.ActiveCfg = Release|Any CPU
		{97ECA8B8-3906-48F1-9CC0-29E1F2190528}.Release|Any CPU.Build.0 = Release|Any CPU
		{856C691C-7B80-4AC5-BC67-471116F35562}.Debug|Any CPU.ActiveCfg = Debug|Any CPU
		{856C691C-7B80-4AC5-BC67-471116F35562}.Debug|Any CPU.Build.0 = Debug|Any CPU
		{856C691C-7B80-4AC5-BC67-471116F35562}.Release|Any CPU.ActiveCfg = Release|Any CPU
		{856C691C-7B80-4AC5-BC67-471116F35562}.Release|Any CPU.Build.0 = Release|Any CPU
		{F167075A-5245-4BD0-8B75-899DAC0BD81F}.Debug|Any CPU.ActiveCfg = Debug|Any CPU
		{F167075A-5245-4BD0-8B75-899DAC0BD81F}.Debug|Any CPU.Build.0 = Debug|Any CPU
		{F167075A-5245-4BD0-8B75-899DAC0BD81F}.Release|Any CPU.ActiveCfg = Release|Any CPU
		{F167075A-5245-4BD0-8B75-899DAC0BD81F}.Release|Any CPU.Build.0 = Release|Any CPU
		{C316D289-3227-4BFE-8716-75E9C3DBDCEF}.Debug|Any CPU.ActiveCfg = Debug|Any CPU
		{C316D289-3227-4BFE-8716-75E9C3DBDCEF}.Debug|Any CPU.Build.0 = Debug|Any CPU
		{C316D289-3227-4BFE-8716-75E9C3DBDCEF}.Release|Any CPU.ActiveCfg = Release|Any CPU
		{C316D289-3227-4BFE-8716-75E9C3DBDCEF}.Release|Any CPU.Build.0 = Release|Any CPU
		{F6F22067-8194-43C7-9F5B-2A6E83AD9C3A}.Debug|Any CPU.ActiveCfg = Debug|Any CPU
		{F6F22067-8194-43C7-9F5B-2A6E83AD9C3A}.Debug|Any CPU.Build.0 = Debug|Any CPU
		{F6F22067-8194-43C7-9F5B-2A6E83AD9C3A}.Release|Any CPU.ActiveCfg = Release|Any CPU
		{F6F22067-8194-43C7-9F5B-2A6E83AD9C3A}.Release|Any CPU.Build.0 = Release|Any CPU
		{E9027D27-AD46-4071-92FA-25E2EFC419A2}.Debug|Any CPU.ActiveCfg = Debug|Any CPU
		{E9027D27-AD46-4071-92FA-25E2EFC419A2}.Debug|Any CPU.Build.0 = Debug|Any CPU
		{E9027D27-AD46-4071-92FA-25E2EFC419A2}.Release|Any CPU.ActiveCfg = Release|Any CPU
		{E9027D27-AD46-4071-92FA-25E2EFC419A2}.Release|Any CPU.Build.0 = Release|Any CPU
		{CDEF74EE-FC93-4489-8150-0CE03EBA76C8}.Debug|Any CPU.ActiveCfg = Debug|Any CPU
		{CDEF74EE-FC93-4489-8150-0CE03EBA76C8}.Debug|Any CPU.Build.0 = Debug|Any CPU
		{CDEF74EE-FC93-4489-8150-0CE03EBA76C8}.Release|Any CPU.ActiveCfg = Release|Any CPU
		{CDEF74EE-FC93-4489-8150-0CE03EBA76C8}.Release|Any CPU.Build.0 = Release|Any CPU
		{73C41F01-C8AC-4EED-8478-72B0F74575ED}.Debug|Any CPU.ActiveCfg = Debug|Any CPU
		{73C41F01-C8AC-4EED-8478-72B0F74575ED}.Debug|Any CPU.Build.0 = Debug|Any CPU
		{73C41F01-C8AC-4EED-8478-72B0F74575ED}.Release|Any CPU.ActiveCfg = Release|Any CPU
		{73C41F01-C8AC-4EED-8478-72B0F74575ED}.Release|Any CPU.Build.0 = Release|Any CPU
		{22C8C502-27FF-4205-9800-7437B1D10109}.Debug|Any CPU.ActiveCfg = Debug|Any CPU
		{22C8C502-27FF-4205-9800-7437B1D10109}.Debug|Any CPU.Build.0 = Debug|Any CPU
		{22C8C502-27FF-4205-9800-7437B1D10109}.Release|Any CPU.ActiveCfg = Release|Any CPU
		{22C8C502-27FF-4205-9800-7437B1D10109}.Release|Any CPU.Build.0 = Release|Any CPU
		{E0607023-67C2-4FEB-A0A5-9A6FD2668F00}.Debug|Any CPU.ActiveCfg = Debug|Any CPU
		{E0607023-67C2-4FEB-A0A5-9A6FD2668F00}.Debug|Any CPU.Build.0 = Debug|Any CPU
		{E0607023-67C2-4FEB-A0A5-9A6FD2668F00}.Release|Any CPU.ActiveCfg = Release|Any CPU
		{E0607023-67C2-4FEB-A0A5-9A6FD2668F00}.Release|Any CPU.Build.0 = Release|Any CPU
		{808334DE-7967-464A-A302-2353DED4283A}.Debug|Any CPU.ActiveCfg = Debug|Any CPU
		{808334DE-7967-464A-A302-2353DED4283A}.Debug|Any CPU.Build.0 = Debug|Any CPU
		{808334DE-7967-464A-A302-2353DED4283A}.Release|Any CPU.ActiveCfg = Release|Any CPU
		{808334DE-7967-464A-A302-2353DED4283A}.Release|Any CPU.Build.0 = Release|Any CPU
		{5C68107D-0A97-4CD6-BABC-3DEAD13438B3}.Debug|Any CPU.ActiveCfg = Debug|Any CPU
		{5C68107D-0A97-4CD6-BABC-3DEAD13438B3}.Debug|Any CPU.Build.0 = Debug|Any CPU
		{5C68107D-0A97-4CD6-BABC-3DEAD13438B3}.Release|Any CPU.ActiveCfg = Release|Any CPU
		{5C68107D-0A97-4CD6-BABC-3DEAD13438B3}.Release|Any CPU.Build.0 = Release|Any CPU
		{205E6EC7-3F5C-41E9-97BF-C97BA2A2DD8D}.Debug|Any CPU.ActiveCfg = Debug|Any CPU
		{205E6EC7-3F5C-41E9-97BF-C97BA2A2DD8D}.Debug|Any CPU.Build.0 = Debug|Any CPU
		{205E6EC7-3F5C-41E9-97BF-C97BA2A2DD8D}.Release|Any CPU.ActiveCfg = Release|Any CPU
		{205E6EC7-3F5C-41E9-97BF-C97BA2A2DD8D}.Release|Any CPU.Build.0 = Release|Any CPU
		{6DA254A2-4FDE-441A-87D2-C18F4E6F630F}.Debug|Any CPU.ActiveCfg = Debug|Any CPU
		{6DA254A2-4FDE-441A-87D2-C18F4E6F630F}.Debug|Any CPU.Build.0 = Debug|Any CPU
		{6DA254A2-4FDE-441A-87D2-C18F4E6F630F}.Release|Any CPU.ActiveCfg = Release|Any CPU
		{6DA254A2-4FDE-441A-87D2-C18F4E6F630F}.Release|Any CPU.Build.0 = Release|Any CPU
		{E32312A7-ADD5-4997-946D-C147864FF1D6}.Debug|Any CPU.ActiveCfg = Debug|Any CPU
		{E32312A7-ADD5-4997-946D-C147864FF1D6}.Debug|Any CPU.Build.0 = Debug|Any CPU
		{E32312A7-ADD5-4997-946D-C147864FF1D6}.Release|Any CPU.ActiveCfg = Release|Any CPU
		{E32312A7-ADD5-4997-946D-C147864FF1D6}.Release|Any CPU.Build.0 = Release|Any CPU
		{48F449D1-EC93-4EDF-97C1-B926DAF3382A}.Debug|Any CPU.ActiveCfg = Debug|Any CPU
		{48F449D1-EC93-4EDF-97C1-B926DAF3382A}.Debug|Any CPU.Build.0 = Debug|Any CPU
		{48F449D1-EC93-4EDF-97C1-B926DAF3382A}.Release|Any CPU.ActiveCfg = Release|Any CPU
		{48F449D1-EC93-4EDF-97C1-B926DAF3382A}.Release|Any CPU.Build.0 = Release|Any CPU
		{74CDD9FC-13CD-422D-B4DF-67A2548C7BD5}.Debug|Any CPU.ActiveCfg = Debug|Any CPU
		{74CDD9FC-13CD-422D-B4DF-67A2548C7BD5}.Debug|Any CPU.Build.0 = Debug|Any CPU
		{74CDD9FC-13CD-422D-B4DF-67A2548C7BD5}.Release|Any CPU.ActiveCfg = Release|Any CPU
		{74CDD9FC-13CD-422D-B4DF-67A2548C7BD5}.Release|Any CPU.Build.0 = Release|Any CPU
		{6C79A158-D871-4DA0-AD9C-F525B9464459}.Debug|Any CPU.ActiveCfg = Debug|Any CPU
		{6C79A158-D871-4DA0-AD9C-F525B9464459}.Debug|Any CPU.Build.0 = Debug|Any CPU
		{6C79A158-D871-4DA0-AD9C-F525B9464459}.Release|Any CPU.ActiveCfg = Release|Any CPU
		{6C79A158-D871-4DA0-AD9C-F525B9464459}.Release|Any CPU.Build.0 = Release|Any CPU
		{6354B716-75C6-4C4A-86E6-88761B52D5EE}.Debug|Any CPU.ActiveCfg = Debug|Any CPU
		{6354B716-75C6-4C4A-86E6-88761B52D5EE}.Debug|Any CPU.Build.0 = Debug|Any CPU
		{6354B716-75C6-4C4A-86E6-88761B52D5EE}.Release|Any CPU.ActiveCfg = Release|Any CPU
		{6354B716-75C6-4C4A-86E6-88761B52D5EE}.Release|Any CPU.Build.0 = Release|Any CPU
		{F67B743F-E86F-445E-80E1-F656DCFF7A14}.Debug|Any CPU.ActiveCfg = Debug|Any CPU
		{F67B743F-E86F-445E-80E1-F656DCFF7A14}.Debug|Any CPU.Build.0 = Debug|Any CPU
		{F67B743F-E86F-445E-80E1-F656DCFF7A14}.Release|Any CPU.ActiveCfg = Release|Any CPU
		{F67B743F-E86F-445E-80E1-F656DCFF7A14}.Release|Any CPU.Build.0 = Release|Any CPU
	EndGlobalSection
	GlobalSection(SolutionProperties) = preSolution
		HideSolutionNode = FALSE
	EndGlobalSection
	GlobalSection(NestedProjects) = preSolution
		{EC370A46-7181-4EF9-8850-FC75E3F7954D} = {27893AF9-B6A9-4CA0-A822-4A4DFA59710C}
		{B849ED28-295A-42A4-AB6C-AE18496D0012} = {27893AF9-B6A9-4CA0-A822-4A4DFA59710C}
		{8DF9C59F-760A-49E4-98AC-DF7C5BCA91D9} = {27893AF9-B6A9-4CA0-A822-4A4DFA59710C}
		{21CDAF08-9E8A-489A-8DCB-C545EFA41B37} = {27893AF9-B6A9-4CA0-A822-4A4DFA59710C}
		{B38648F5-87CA-4010-B694-57A0A8F8E41E} = {21CDAF08-9E8A-489A-8DCB-C545EFA41B37}
		{AA151081-A399-409F-A746-BE54916601C8} = {27893AF9-B6A9-4CA0-A822-4A4DFA59710C}
		{7B8F4C60-E926-4356-9BDA-5DC69F37F661} = {27893AF9-B6A9-4CA0-A822-4A4DFA59710C}
		{58E1BD93-33E0-48C5-9E69-CB607BDEB6EF} = {27893AF9-B6A9-4CA0-A822-4A4DFA59710C}
		{A584017B-ECC6-46B8-8B0F-6749FF60C7A0} = {27893AF9-B6A9-4CA0-A822-4A4DFA59710C}
		{3F21C158-5A59-44A5-BAAE-6AF59143F217} = {C3FC6A58-15DD-4F4F-89CD-2FFE50E3EF3B}
		{3081B269-9677-4C35-B3E1-DF3D00F2E152} = {C3FC6A58-15DD-4F4F-89CD-2FFE50E3EF3B}
		{7FF0CC04-4622-4535-BDAB-94587038FA82} = {C3FC6A58-15DD-4F4F-89CD-2FFE50E3EF3B}
		{2BE0DBE6-C08A-4657-AD51-FEEB3592D398} = {C3FC6A58-15DD-4F4F-89CD-2FFE50E3EF3B}
		{96D3A7B1-2569-4940-B396-CA386268D8EE} = {C3FC6A58-15DD-4F4F-89CD-2FFE50E3EF3B}
		{82F0A5A3-64E4-4E75-8566-ADD9B72535CE} = {C3FC6A58-15DD-4F4F-89CD-2FFE50E3EF3B}
		{355FF641-6749-432D-8803-EEADF1FE4CD1} = {C3FC6A58-15DD-4F4F-89CD-2FFE50E3EF3B}
		{D07945B9-12E5-422D-9E5B-D8457F6F505F} = {C3FC6A58-15DD-4F4F-89CD-2FFE50E3EF3B}
		{4B61AFCD-26B3-4B4C-AD05-3A00770A3D09} = {C3FC6A58-15DD-4F4F-89CD-2FFE50E3EF3B}
		{6B01475A-AF9E-48FC-A0B0-C0AFD58112BC} = {C3FC6A58-15DD-4F4F-89CD-2FFE50E3EF3B}
		{6EBFD524-8517-45EF-B7D3-02A13ECA37F2} = {C3FC6A58-15DD-4F4F-89CD-2FFE50E3EF3B}
		{95C27F70-8528-4C93-BE3F-744625C594E5} = {C3FC6A58-15DD-4F4F-89CD-2FFE50E3EF3B}
		{17ED20FC-4890-44BB-BEC4-35F4020F1C8A} = {C3FC6A58-15DD-4F4F-89CD-2FFE50E3EF3B}
		{F147BEBC-7B4B-4829-B511-9E379F26A853} = {3A24C0AF-2765-4F75-8E71-8800B7526937}
		{2766C724-36F6-4F34-ABC8-37098E6B7FE5} = {3A24C0AF-2765-4F75-8E71-8800B7526937}
		{CFD76B7A-97CA-447E-A717-E8F8A7525E2D} = {3A24C0AF-2765-4F75-8E71-8800B7526937}
		{0FDD1751-E087-4C86-A3BC-9E631C3E0026} = {3A24C0AF-2765-4F75-8E71-8800B7526937}
		{D21056B5-BD9F-4A44-B783-CE80601BFD3A} = {3A24C0AF-2765-4F75-8E71-8800B7526937}
		{0B5BD440-7FB6-4BA0-B489-57BAB8E44341} = {3A24C0AF-2765-4F75-8E71-8800B7526937}
		{50AB7104-76E5-4F33-9834-40EDDB2C20F9} = {3A24C0AF-2765-4F75-8E71-8800B7526937}
		{5B25D8C9-0716-430D-9331-34E8F2FC1FD3} = {7A82B11F-D8D9-407A-ACD9-76FB975F9EEC}
		{A5028355-A2D1-4386-A55E-3115EFC39792} = {7A82B11F-D8D9-407A-ACD9-76FB975F9EEC}
		{79247550-987D-4F25-ADC1-3681A813F56F} = {7A82B11F-D8D9-407A-ACD9-76FB975F9EEC}
		{2AC1A29A-FE18-4D4D-8E67-3189E9CEBF89} = {7A82B11F-D8D9-407A-ACD9-76FB975F9EEC}
		{7A07DA06-593B-4CD1-9388-FA0A2AA7A690} = {7A82B11F-D8D9-407A-ACD9-76FB975F9EEC}
		{AFAFC82D-803B-461B-9153-38EFAB5F50ED} = {7A82B11F-D8D9-407A-ACD9-76FB975F9EEC}
		{BA3DB802-2E31-4E5F-8CA8-9B4285ED08D4} = {7A82B11F-D8D9-407A-ACD9-76FB975F9EEC}
		{ECE81702-D29C-4D47-9BCC-927FCB6366E2} = {7A82B11F-D8D9-407A-ACD9-76FB975F9EEC}
		{A6AE9102-5C99-4B87-B952-08FF130BB3D7} = {4352414B-4417-47AB-A803-AE40230DA2EC}
		{4F84FB26-1A6C-4239-AE71-CB405096571F} = {4352414B-4417-47AB-A803-AE40230DA2EC}
		{8D414316-01D4-41B4-AE88-4D62E515C744} = {4352414B-4417-47AB-A803-AE40230DA2EC}
		{40AAE7E9-7BB8-432F-9C20-00386065E760} = {4352414B-4417-47AB-A803-AE40230DA2EC}
		{63788C78-6282-4DE3-9085-2CF25BD5A80D} = {4352414B-4417-47AB-A803-AE40230DA2EC}
		{3CFAEFEF-467E-4897-AD19-B66ABC4711FC} = {4352414B-4417-47AB-A803-AE40230DA2EC}
		{57734838-B4A8-40AE-B46C-89C698782E8B} = {4352414B-4417-47AB-A803-AE40230DA2EC}
		{5EC109C6-35B5-477D-BE54-BA45DD0C4633} = {4352414B-4417-47AB-A803-AE40230DA2EC}
		{AA47C7A1-E185-4FD9-89F1-A34FA83C706B} = {8A04FE00-EBA7-40F1-974E-154CC10A1BC7}
		{9562766A-7099-4A19-A45C-0147F668DE8B} = {8A04FE00-EBA7-40F1-974E-154CC10A1BC7}
		{1A421902-32EE-4C55-9128-97381BFB8F5A} = {8A04FE00-EBA7-40F1-974E-154CC10A1BC7}
		{5F85DCB0-86DE-4B21-BA68-3280663F48F9} = {8A04FE00-EBA7-40F1-974E-154CC10A1BC7}
		{2F78A725-B2E8-495D-9CAA-8FC5F465394C} = {8A04FE00-EBA7-40F1-974E-154CC10A1BC7}
		{5BB61BE1-6A18-423C-9063-C44032272876} = {8A04FE00-EBA7-40F1-974E-154CC10A1BC7}
		{18FC49C4-6920-4B63-8526-6D1D895C9B9D} = {8A04FE00-EBA7-40F1-974E-154CC10A1BC7}
		{97EA3CAE-3C4A-4A51-9C64-54FFB64E5AE2} = {6039FEB6-C7DB-46B6-9C46-227DF740D0CE}
		{C4CC9131-FC6B-4EBF-BAB0-8BE21D7AF893} = {6039FEB6-C7DB-46B6-9C46-227DF740D0CE}
		{6D7E4D93-6835-42F4-B091-7A007CC1296F} = {6039FEB6-C7DB-46B6-9C46-227DF740D0CE}
		{976E61AD-4D13-4014-A647-C3AEBB370464} = {6039FEB6-C7DB-46B6-9C46-227DF740D0CE}
		{EEAC04B0-5DC6-46E0-8ACA-48D8C14F22DF} = {6039FEB6-C7DB-46B6-9C46-227DF740D0CE}
		{A4417E06-FDF7-4436-A53B-B6AF41BC7B0D} = {BECB0FE9-A48A-4231-84F8-7E4EAA771824}
		{7DCFEB95-2B9A-40D6-88BC-E8B6043A0022} = {BECB0FE9-A48A-4231-84F8-7E4EAA771824}
		{AF52A841-3DC2-455B-A13B-8CC5D0F9A0A8} = {BECB0FE9-A48A-4231-84F8-7E4EAA771824}
		{2B5D2F6A-09C9-4342-80FD-1E88ABFE3773} = {BECB0FE9-A48A-4231-84F8-7E4EAA771824}
		{0E7AA243-8ACA-493A-9CEA-91E941B910F1} = {BECB0FE9-A48A-4231-84F8-7E4EAA771824}
		{1D645D6B-7704-4FE4-8D7C-F8B3E4827F21} = {BECB0FE9-A48A-4231-84F8-7E4EAA771824}
		{D8539745-121F-4238-8DD4-EEDEDC58C410} = {BECB0FE9-A48A-4231-84F8-7E4EAA771824}
		{61318C0E-1FE0-4C86-99C5-AE9BB02A1805} = {BECB0FE9-A48A-4231-84F8-7E4EAA771824}
		{630429CC-6DC7-45C4-9E7C-7AA3830D19C7} = {5C1801F9-FBAA-40E4-AA54-2E5744122104}
		{D27C63D9-D15A-4AB9-8FBC-93F9D9A3D6B7} = {5C1801F9-FBAA-40E4-AA54-2E5744122104}
		{2532AB81-BB71-4878-9B12-EEF3BEAAAD8A} = {5C1801F9-FBAA-40E4-AA54-2E5744122104}
		{A5B6313F-A42D-4547-9943-5DBE6F8D8440} = {5C1801F9-FBAA-40E4-AA54-2E5744122104}
		{B403B7E6-BD2C-4ACE-B94D-691FC6E4ADAE} = {FB32ACA9-D4AD-41EA-8D18-642FC25692A4}
		{3098D4F4-A521-424F-A94F-71D7DFCC2CB2} = {B403B7E6-BD2C-4ACE-B94D-691FC6E4ADAE}
		{CC2D56E4-B48D-4B67-8CDF-0B52D9000D0D} = {FB32ACA9-D4AD-41EA-8D18-642FC25692A4}
		{42A1F798-7F8E-4E0C-AFFC-6761AC9D4E04} = {CC2D56E4-B48D-4B67-8CDF-0B52D9000D0D}
		{F01A6A92-BF35-4962-A2A3-950707576FC4} = {CF9F55D7-83D6-4997-AA17-0D867D3095FC}
		{D5D3BC92-4782-4F46-856F-0DFF2B0DF1E4} = {5DB368FC-7422-4E68-8861-10932349D48B}
		{49A359F0-C6F6-4B89-909D-C3A83B8D7D73} = {1E85E305-22A1-454A-9F70-E1CA3C7B36FD}
		{C32AE1DE-0C38-49F2-9AE5-CF713B2EF68E} = {1E85E305-22A1-454A-9F70-E1CA3C7B36FD}
		{F5D6E06C-CB92-4234-ABDE-F7A599E607C3} = {1E85E305-22A1-454A-9F70-E1CA3C7B36FD}
		{840F55E6-544D-42C2-AB9F-6D6DD6BB4B0E} = {1E85E305-22A1-454A-9F70-E1CA3C7B36FD}
		{04D46ECE-1DB6-475D-BEB6-11BF182C90D1} = {5F5A61B6-4D19-4053-AF11-D9A6DA562659}
		{0B5353CC-74BF-49E1-B0B4-F87852F6FD95} = {5F5A61B6-4D19-4053-AF11-D9A6DA562659}
		{00BCA935-AC10-4820-82BC-AC65C1C153B1} = {5F5A61B6-4D19-4053-AF11-D9A6DA562659}
		{DE9BF82A-1DFD-4877-92AC-90D78585E88A} = {5F5A61B6-4D19-4053-AF11-D9A6DA562659}
		{A573E400-9613-4C7F-8367-0E488D87B642} = {5F5A61B6-4D19-4053-AF11-D9A6DA562659}
		{32BDAAAE-84D4-4D8C-AEEE-53AF13DE93F0} = {5F5A61B6-4D19-4053-AF11-D9A6DA562659}
		{0600EA95-BD26-44F6-AA6B-DCA1B83CF06D} = {5F5A61B6-4D19-4053-AF11-D9A6DA562659}
		{2C09120E-8621-4FDB-9D74-D8ACA905DDE2} = {27893AF9-B6A9-4CA0-A822-4A4DFA59710C}
		{DB293D99-2F2E-4F45-BCFF-742F0C2EC195} = {27893AF9-B6A9-4CA0-A822-4A4DFA59710C}
		{27DBC553-270E-4B9C-B756-A000E1293113} = {27893AF9-B6A9-4CA0-A822-4A4DFA59710C}
		{97ECA8B8-3906-48F1-9CC0-29E1F2190528} = {27893AF9-B6A9-4CA0-A822-4A4DFA59710C}
		{856C691C-7B80-4AC5-BC67-471116F35562} = {27893AF9-B6A9-4CA0-A822-4A4DFA59710C}
		{F167075A-5245-4BD0-8B75-899DAC0BD81F} = {27893AF9-B6A9-4CA0-A822-4A4DFA59710C}
		{C316D289-3227-4BFE-8716-75E9C3DBDCEF} = {27893AF9-B6A9-4CA0-A822-4A4DFA59710C}
		{F6F22067-8194-43C7-9F5B-2A6E83AD9C3A} = {27893AF9-B6A9-4CA0-A822-4A4DFA59710C}
		{E9027D27-AD46-4071-92FA-25E2EFC419A2} = {27893AF9-B6A9-4CA0-A822-4A4DFA59710C}
		{CDEF74EE-FC93-4489-8150-0CE03EBA76C8} = {C3FC6A58-15DD-4F4F-89CD-2FFE50E3EF3B}
		{73C41F01-C8AC-4EED-8478-72B0F74575ED} = {C3FC6A58-15DD-4F4F-89CD-2FFE50E3EF3B}
		{22C8C502-27FF-4205-9800-7437B1D10109} = {C3FC6A58-15DD-4F4F-89CD-2FFE50E3EF3B}
		{E0607023-67C2-4FEB-A0A5-9A6FD2668F00} = {C3FC6A58-15DD-4F4F-89CD-2FFE50E3EF3B}
		{808334DE-7967-464A-A302-2353DED4283A} = {C3FC6A58-15DD-4F4F-89CD-2FFE50E3EF3B}
		{5C68107D-0A97-4CD6-BABC-3DEAD13438B3} = {C3FC6A58-15DD-4F4F-89CD-2FFE50E3EF3B}
		{205E6EC7-3F5C-41E9-97BF-C97BA2A2DD8D} = {C3FC6A58-15DD-4F4F-89CD-2FFE50E3EF3B}
		{6DA254A2-4FDE-441A-87D2-C18F4E6F630F} = {7A82B11F-D8D9-407A-ACD9-76FB975F9EEC}
		{E32312A7-ADD5-4997-946D-C147864FF1D6} = {4352414B-4417-47AB-A803-AE40230DA2EC}
		{48F449D1-EC93-4EDF-97C1-B926DAF3382A} = {4352414B-4417-47AB-A803-AE40230DA2EC}
		{74CDD9FC-13CD-422D-B4DF-67A2548C7BD5} = {4352414B-4417-47AB-A803-AE40230DA2EC}
		{6C79A158-D871-4DA0-AD9C-F525B9464459} = {4352414B-4417-47AB-A803-AE40230DA2EC}
		{6354B716-75C6-4C4A-86E6-88761B52D5EE} = {4352414B-4417-47AB-A803-AE40230DA2EC}
		{F67B743F-E86F-445E-80E1-F656DCFF7A14} = {4352414B-4417-47AB-A803-AE40230DA2EC}
	EndGlobalSection
	GlobalSection(ExtensibilityGlobals) = postSolution
		SolutionGuid = {0D8CFCB1-2AD9-4F32-B39E-3C47EEAFF97E}
	EndGlobalSection
EndGlobal
