
Microsoft Visual Studio Solution File, Format Version 12.00
# Visual Studio Version 16
VisualStudioVersion = 16.0.32602.291
MinimumVisualStudioVersion = 10.0.40219.1
Project("{9A19103F-16F7-4668-BE54-9A1E7A4F7556}") = "test", "test\test.csproj", "{69504686-C858-4F38-B668-FD3E4C05A7B8}"
EndProject
Project("{2150E333-8FDC-42A3-9474-1A3956D46DE8}") = "03. Stacks and Queues - Lab", "03. Stacks and Queues - Lab", "{27893AF9-B6A9-4CA0-A822-4A4DFA59710C}"
EndProject
Project("{9A19103F-16F7-4668-BE54-9A1E7A4F7556}") = "1. Reverse a String", "1. Reverse a String\1. Reverse a String.csproj", "{EC370A46-7181-4EF9-8850-FC75E3F7954D}"
EndProject
Project("{9A19103F-16F7-4668-BE54-9A1E7A4F7556}") = "2. Stack Sum", "2. Stack Sum\2. Stack Sum.csproj", "{B849ED28-295A-42A4-AB6C-AE18496D0012}"
EndProject
Project("{9A19103F-16F7-4668-BE54-9A1E7A4F7556}") = "3. Simple Calculator", "3. Simple Calculator\3. Simple Calculator.csproj", "{8DF9C59F-760A-49E4-98AC-DF7C5BCA91D9}"
EndProject
Project("{2150E333-8FDC-42A3-9474-1A3956D46DE8}") = "4. Matching Brackets", "4. Matching Brackets", "{21CDAF08-9E8A-489A-8DCB-C545EFA41B37}"
EndProject
Project("{9A19103F-16F7-4668-BE54-9A1E7A4F7556}") = "4. Matching Brackets", "4. Matching Brackets\4. Matching Brackets.csproj", "{B38648F5-87CA-4010-B694-57A0A8F8E41E}"
EndProject
Project("{9A19103F-16F7-4668-BE54-9A1E7A4F7556}") = "5. Print Even Numbers", "5. Print Even Numbers\5. Print Even Numbers.csproj", "{AA151081-A399-409F-A746-BE54916601C8}"
EndProject
Project("{9A19103F-16F7-4668-BE54-9A1E7A4F7556}") = "6. Supermarket", "6. Supermarket\6. Supermarket.csproj", "{7B8F4C60-E926-4356-9BDA-5DC69F37F661}"
EndProject
Project("{9A19103F-16F7-4668-BE54-9A1E7A4F7556}") = "7. Hot Potato", "7. Hot Potato\7. Hot Potato.csproj", "{58E1BD93-33E0-48C5-9E69-CB607BDEB6EF}"
EndProject
Project("{9A19103F-16F7-4668-BE54-9A1E7A4F7556}") = "8. Traffic Jam", "8. Traffic Jam\8. Traffic Jam.csproj", "{A584017B-ECC6-46B8-8B0F-6749FF60C7A0}"
EndProject
Project("{2150E333-8FDC-42A3-9474-1A3956D46DE8}") = "04. Stacks and Queues - Exercise", "04. Stacks and Queues - Exercise", "{C3FC6A58-15DD-4F4F-89CD-2FFE50E3EF3B}"
EndProject
Project("{9A19103F-16F7-4668-BE54-9A1E7A4F7556}") = "01. Basic Stack Operations", "01. Basic Stack Operations\01. Basic Stack Operations.csproj", "{3F21C158-5A59-44A5-BAAE-6AF59143F217}"
EndProject
Project("{9A19103F-16F7-4668-BE54-9A1E7A4F7556}") = "02. Basic Queue Operations", "02. Basic Queue Operations\02. Basic Queue Operations.csproj", "{3081B269-9677-4C35-B3E1-DF3D00F2E152}"
EndProject
Project("{9A19103F-16F7-4668-BE54-9A1E7A4F7556}") = "03. Maximum and Minimum Element", "03. Maximum and Minimum Element\03. Maximum and Minimum Element.csproj", "{7FF0CC04-4622-4535-BDAB-94587038FA82}"
EndProject
Project("{9A19103F-16F7-4668-BE54-9A1E7A4F7556}") = "04. Fast Food", "04. Fast Food\04. Fast Food.csproj", "{2BE0DBE6-C08A-4657-AD51-FEEB3592D398}"
EndProject
Project("{9A19103F-16F7-4668-BE54-9A1E7A4F7556}") = "05. Fashion Boutique", "05. Fashion Boutique\05. Fashion Boutique.csproj", "{96D3A7B1-2569-4940-B396-CA386268D8EE}"
EndProject
Project("{9A19103F-16F7-4668-BE54-9A1E7A4F7556}") = "06. Songs Queue", "06. Songs Queue\06. Songs Queue.csproj", "{82F0A5A3-64E4-4E75-8566-ADD9B72535CE}"
EndProject
Project("{9A19103F-16F7-4668-BE54-9A1E7A4F7556}") = "07. Truck Tour", "07. Truck Tour\07. Truck Tour.csproj", "{355FF641-6749-432D-8803-EEADF1FE4CD1}"
EndProject
Project("{9A19103F-16F7-4668-BE54-9A1E7A4F7556}") = "06!. Songs Queue", "06!. Songs Queue\06!. Songs Queue.csproj", "{D07945B9-12E5-422D-9E5B-D8457F6F505F}"
EndProject
Project("{9A19103F-16F7-4668-BE54-9A1E7A4F7556}") = "08. Balanced Parenthesis", "08. Balanced Parenthesis\08. Balanced Parenthesis.csproj", "{4B61AFCD-26B3-4B4C-AD05-3A00770A3D09}"
EndProject
Project("{9A19103F-16F7-4668-BE54-9A1E7A4F7556}") = "09. Simple Text Editor", "09. Simple Text Editor\09. Simple Text Editor.csproj", "{6B01475A-AF9E-48FC-A0B0-C0AFD58112BC}"
EndProject
Project("{9A19103F-16F7-4668-BE54-9A1E7A4F7556}") = "10. Crossroads", "10. Crossroads\10. Crossroads.csproj", "{6EBFD524-8517-45EF-B7D3-02A13ECA37F2}"
EndProject
Project("{9A19103F-16F7-4668-BE54-9A1E7A4F7556}") = "11. Key Revolver", "11. Key Revolver\11. Key Revolver.csproj", "{95C27F70-8528-4C93-BE3F-744625C594E5}"
EndProject
Project("{9A19103F-16F7-4668-BE54-9A1E7A4F7556}") = "12. Cups and Bottles", "12. Cups and Bottles\12. Cups and Bottles.csproj", "{17ED20FC-4890-44BB-BEC4-35F4020F1C8A}"
EndProject
Project("{2150E333-8FDC-42A3-9474-1A3956D46DE8}") = "05. Multidimensional Arrays - Lab", "05. Multidimensional Arrays - Lab", "{3A24C0AF-2765-4F75-8E71-8800B7526937}"
EndProject
Project("{9A19103F-16F7-4668-BE54-9A1E7A4F7556}") = "1. Sum Matrix Elements", "1. Sum Matrix Elements\1. Sum Matrix Elements.csproj", "{F147BEBC-7B4B-4829-B511-9E379F26A853}"
EndProject
Project("{9A19103F-16F7-4668-BE54-9A1E7A4F7556}") = "2. Sum Matrix Columns", "2. Sum Matrix Columns\2. Sum Matrix Columns.csproj", "{2766C724-36F6-4F34-ABC8-37098E6B7FE5}"
EndProject
Project("{9A19103F-16F7-4668-BE54-9A1E7A4F7556}") = "3. Primary Diagonal", "3. Primary Diagonal\3. Primary Diagonal.csproj", "{CFD76B7A-97CA-447E-A717-E8F8A7525E2D}"
EndProject
Project("{9A19103F-16F7-4668-BE54-9A1E7A4F7556}") = "4. Symbol in Matrix", "4. Symbol in Matrix\4. Symbol in Matrix.csproj", "{0FDD1751-E087-4C86-A3BC-9E631C3E0026}"
EndProject
Project("{9A19103F-16F7-4668-BE54-9A1E7A4F7556}") = "5. Square With Maximum Sum", "5. Square With Maximum Sum\5. Square With Maximum Sum.csproj", "{D21056B5-BD9F-4A44-B783-CE80601BFD3A}"
EndProject
Project("{9A19103F-16F7-4668-BE54-9A1E7A4F7556}") = "6. Jagged-Array Modification", "6. Jagged-Array Modification\6. Jagged-Array Modification.csproj", "{0B5BD440-7FB6-4BA0-B489-57BAB8E44341}"
EndProject
Project("{9A19103F-16F7-4668-BE54-9A1E7A4F7556}") = "7. Pascal Triangle", "7. Pascal Triangle\7. Pascal Triangle.csproj", "{50AB7104-76E5-4F33-9834-40EDDB2C20F9}"
EndProject
Project("{2150E333-8FDC-42A3-9474-1A3956D46DE8}") = "06. Multidimensional Arrays - Exercise", "06. Multidimensional Arrays - Exercise", "{7A82B11F-D8D9-407A-ACD9-76FB975F9EEC}"
EndProject
Project("{9A19103F-16F7-4668-BE54-9A1E7A4F7556}") = "1. Diagonal Difference", "1. Diagonal Difference\1. Diagonal Difference.csproj", "{5B25D8C9-0716-430D-9331-34E8F2FC1FD3}"
EndProject
Project("{9A19103F-16F7-4668-BE54-9A1E7A4F7556}") = "2. Squares in Matrix", "2. Squares in Matrix\2. Squares in Matrix.csproj", "{A5028355-A2D1-4386-A55E-3115EFC39792}"
EndProject
Project("{9A19103F-16F7-4668-BE54-9A1E7A4F7556}") = "3. Maximal Sum", "3. Maximal Sum\3. Maximal Sum.csproj", "{79247550-987D-4F25-ADC1-3681A813F56F}"
EndProject
Project("{9A19103F-16F7-4668-BE54-9A1E7A4F7556}") = "4. Matrix Shuffling", "4. Matrix Shuffling\4. Matrix Shuffling.csproj", "{2AC1A29A-FE18-4D4D-8E67-3189E9CEBF89}"
EndProject
Project("{9A19103F-16F7-4668-BE54-9A1E7A4F7556}") = "5. Snake Moves", "5. Snake Moves\5. Snake Moves.csproj", "{7A07DA06-593B-4CD1-9388-FA0A2AA7A690}"
EndProject
Project("{9A19103F-16F7-4668-BE54-9A1E7A4F7556}") = "5u. Snake Moves", "5u. Snake Moves\5u. Snake Moves.csproj", "{AFAFC82D-803B-461B-9153-38EFAB5F50ED}"
EndProject
Project("{9A19103F-16F7-4668-BE54-9A1E7A4F7556}") = "6. Jagged Array Manipulator", "6. Jagged Array Manipulator\6. Jagged Array Manipulator.csproj", "{BA3DB802-2E31-4E5F-8CA8-9B4285ED08D4}"
EndProject
Project("{9A19103F-16F7-4668-BE54-9A1E7A4F7556}") = "7. Knight Game", "7. Knight Game\7. Knight Game.csproj", "{ECE81702-D29C-4D47-9BCC-927FCB6366E2}"
EndProject
Project("{2150E333-8FDC-42A3-9474-1A3956D46DE8}") = "07. Sets and Dictionaries Advanced - Lab", "07. Sets and Dictionaries Advanced - Lab", "{4352414B-4417-47AB-A803-AE40230DA2EC}"
EndProject
Project("{9A19103F-16F7-4668-BE54-9A1E7A4F7556}") = "01. Count Same Values in Array", "01. Count Same Values in Array\01. Count Same Values in Array.csproj", "{A6AE9102-5C99-4B87-B952-08FF130BB3D7}"
EndProject
Project("{9A19103F-16F7-4668-BE54-9A1E7A4F7556}") = "02. Average Student Grades", "02. Average Student Grades\02. Average Student Grades.csproj", "{4F84FB26-1A6C-4239-AE71-CB405096571F}"
EndProject
Project("{9A19103F-16F7-4668-BE54-9A1E7A4F7556}") = "03. Largest 3 Numbers", "03. Largest 3 Numbers\03. Largest 3 Numbers.csproj", "{8D414316-01D4-41B4-AE88-4D62E515C744}"
EndProject
Project("{9A19103F-16F7-4668-BE54-9A1E7A4F7556}") = "04. Product Shop", "04. Product Shop\04. Product Shop.csproj", "{40AAE7E9-7BB8-432F-9C20-00386065E760}"
EndProject
Project("{9A19103F-16F7-4668-BE54-9A1E7A4F7556}") = "05. Cities by Continent and Country", "05. Cities by Continent and Country\05. Cities by Continent and Country.csproj", "{63788C78-6282-4DE3-9085-2CF25BD5A80D}"
EndProject
Project("{9A19103F-16F7-4668-BE54-9A1E7A4F7556}") = "06. Record Unique Names", "06. Record Unique Names\06. Record Unique Names.csproj", "{3CFAEFEF-467E-4897-AD19-B66ABC4711FC}"
EndProject
Project("{FAE04EC0-301F-11D3-BF4B-00C04F79EFBC}") = "07. Parking Lot", "07. Parking Lot\07. Parking Lot.csproj", "{57734838-B4A8-40AE-B46C-89C698782E8B}"
EndProject
Project("{FAE04EC0-301F-11D3-BF4B-00C04F79EFBC}") = "08. SoftUni Party", "08. SoftUni Party\08. SoftUni Party.csproj", "{5EC109C6-35B5-477D-BE54-BA45DD0C4633}"
EndProject
Project("{2150E333-8FDC-42A3-9474-1A3956D46DE8}") = "08. Sets and Dictionaries Advanced - Exercise", "08. Sets and Dictionaries Advanced - Exercise", "{8A04FE00-EBA7-40F1-974E-154CC10A1BC7}"
EndProject
Project("{FAE04EC0-301F-11D3-BF4B-00C04F79EFBC}") = "01. Unique Usernames", "01. Unique Usernames\01. Unique Usernames.csproj", "{AA47C7A1-E185-4FD9-89F1-A34FA83C706B}"
EndProject
Project("{FAE04EC0-301F-11D3-BF4B-00C04F79EFBC}") = "02. Sets of Elements", "02. Sets of Elements\02. Sets of Elements.csproj", "{9562766A-7099-4A19-A45C-0147F668DE8B}"
EndProject
Project("{FAE04EC0-301F-11D3-BF4B-00C04F79EFBC}") = "03. Periodic Table", "03. Periodic Table\03. Periodic Table.csproj", "{1A421902-32EE-4C55-9128-97381BFB8F5A}"
EndProject
Global
	GlobalSection(SolutionConfigurationPlatforms) = preSolution
		Debug|Any CPU = Debug|Any CPU
		Release|Any CPU = Release|Any CPU
	EndGlobalSection
	GlobalSection(ProjectConfigurationPlatforms) = postSolution
		{69504686-C858-4F38-B668-FD3E4C05A7B8}.Debug|Any CPU.ActiveCfg = Debug|Any CPU
		{69504686-C858-4F38-B668-FD3E4C05A7B8}.Debug|Any CPU.Build.0 = Debug|Any CPU
		{69504686-C858-4F38-B668-FD3E4C05A7B8}.Release|Any CPU.ActiveCfg = Release|Any CPU
		{69504686-C858-4F38-B668-FD3E4C05A7B8}.Release|Any CPU.Build.0 = Release|Any CPU
		{EC370A46-7181-4EF9-8850-FC75E3F7954D}.Debug|Any CPU.ActiveCfg = Debug|Any CPU
		{EC370A46-7181-4EF9-8850-FC75E3F7954D}.Debug|Any CPU.Build.0 = Debug|Any CPU
		{EC370A46-7181-4EF9-8850-FC75E3F7954D}.Release|Any CPU.ActiveCfg = Release|Any CPU
		{EC370A46-7181-4EF9-8850-FC75E3F7954D}.Release|Any CPU.Build.0 = Release|Any CPU
		{B849ED28-295A-42A4-AB6C-AE18496D0012}.Debug|Any CPU.ActiveCfg = Debug|Any CPU
		{B849ED28-295A-42A4-AB6C-AE18496D0012}.Debug|Any CPU.Build.0 = Debug|Any CPU
		{B849ED28-295A-42A4-AB6C-AE18496D0012}.Release|Any CPU.ActiveCfg = Release|Any CPU
		{B849ED28-295A-42A4-AB6C-AE18496D0012}.Release|Any CPU.Build.0 = Release|Any CPU
		{8DF9C59F-760A-49E4-98AC-DF7C5BCA91D9}.Debug|Any CPU.ActiveCfg = Debug|Any CPU
		{8DF9C59F-760A-49E4-98AC-DF7C5BCA91D9}.Debug|Any CPU.Build.0 = Debug|Any CPU
		{8DF9C59F-760A-49E4-98AC-DF7C5BCA91D9}.Release|Any CPU.ActiveCfg = Release|Any CPU
		{8DF9C59F-760A-49E4-98AC-DF7C5BCA91D9}.Release|Any CPU.Build.0 = Release|Any CPU
		{B38648F5-87CA-4010-B694-57A0A8F8E41E}.Debug|Any CPU.ActiveCfg = Debug|Any CPU
		{B38648F5-87CA-4010-B694-57A0A8F8E41E}.Debug|Any CPU.Build.0 = Debug|Any CPU
		{B38648F5-87CA-4010-B694-57A0A8F8E41E}.Release|Any CPU.ActiveCfg = Release|Any CPU
		{B38648F5-87CA-4010-B694-57A0A8F8E41E}.Release|Any CPU.Build.0 = Release|Any CPU
		{AA151081-A399-409F-A746-BE54916601C8}.Debug|Any CPU.ActiveCfg = Debug|Any CPU
		{AA151081-A399-409F-A746-BE54916601C8}.Debug|Any CPU.Build.0 = Debug|Any CPU
		{AA151081-A399-409F-A746-BE54916601C8}.Release|Any CPU.ActiveCfg = Release|Any CPU
		{AA151081-A399-409F-A746-BE54916601C8}.Release|Any CPU.Build.0 = Release|Any CPU
		{7B8F4C60-E926-4356-9BDA-5DC69F37F661}.Debug|Any CPU.ActiveCfg = Debug|Any CPU
		{7B8F4C60-E926-4356-9BDA-5DC69F37F661}.Debug|Any CPU.Build.0 = Debug|Any CPU
		{7B8F4C60-E926-4356-9BDA-5DC69F37F661}.Release|Any CPU.ActiveCfg = Release|Any CPU
		{7B8F4C60-E926-4356-9BDA-5DC69F37F661}.Release|Any CPU.Build.0 = Release|Any CPU
		{58E1BD93-33E0-48C5-9E69-CB607BDEB6EF}.Debug|Any CPU.ActiveCfg = Debug|Any CPU
		{58E1BD93-33E0-48C5-9E69-CB607BDEB6EF}.Debug|Any CPU.Build.0 = Debug|Any CPU
		{58E1BD93-33E0-48C5-9E69-CB607BDEB6EF}.Release|Any CPU.ActiveCfg = Release|Any CPU
		{58E1BD93-33E0-48C5-9E69-CB607BDEB6EF}.Release|Any CPU.Build.0 = Release|Any CPU
		{A584017B-ECC6-46B8-8B0F-6749FF60C7A0}.Debug|Any CPU.ActiveCfg = Debug|Any CPU
		{A584017B-ECC6-46B8-8B0F-6749FF60C7A0}.Debug|Any CPU.Build.0 = Debug|Any CPU
		{A584017B-ECC6-46B8-8B0F-6749FF60C7A0}.Release|Any CPU.ActiveCfg = Release|Any CPU
		{A584017B-ECC6-46B8-8B0F-6749FF60C7A0}.Release|Any CPU.Build.0 = Release|Any CPU
		{3F21C158-5A59-44A5-BAAE-6AF59143F217}.Debug|Any CPU.ActiveCfg = Debug|Any CPU
		{3F21C158-5A59-44A5-BAAE-6AF59143F217}.Debug|Any CPU.Build.0 = Debug|Any CPU
		{3F21C158-5A59-44A5-BAAE-6AF59143F217}.Release|Any CPU.ActiveCfg = Release|Any CPU
		{3F21C158-5A59-44A5-BAAE-6AF59143F217}.Release|Any CPU.Build.0 = Release|Any CPU
		{3081B269-9677-4C35-B3E1-DF3D00F2E152}.Debug|Any CPU.ActiveCfg = Debug|Any CPU
		{3081B269-9677-4C35-B3E1-DF3D00F2E152}.Debug|Any CPU.Build.0 = Debug|Any CPU
		{3081B269-9677-4C35-B3E1-DF3D00F2E152}.Release|Any CPU.ActiveCfg = Release|Any CPU
		{3081B269-9677-4C35-B3E1-DF3D00F2E152}.Release|Any CPU.Build.0 = Release|Any CPU
		{7FF0CC04-4622-4535-BDAB-94587038FA82}.Debug|Any CPU.ActiveCfg = Debug|Any CPU
		{7FF0CC04-4622-4535-BDAB-94587038FA82}.Debug|Any CPU.Build.0 = Debug|Any CPU
		{7FF0CC04-4622-4535-BDAB-94587038FA82}.Release|Any CPU.ActiveCfg = Release|Any CPU
		{7FF0CC04-4622-4535-BDAB-94587038FA82}.Release|Any CPU.Build.0 = Release|Any CPU
		{2BE0DBE6-C08A-4657-AD51-FEEB3592D398}.Debug|Any CPU.ActiveCfg = Debug|Any CPU
		{2BE0DBE6-C08A-4657-AD51-FEEB3592D398}.Debug|Any CPU.Build.0 = Debug|Any CPU
		{2BE0DBE6-C08A-4657-AD51-FEEB3592D398}.Release|Any CPU.ActiveCfg = Release|Any CPU
		{2BE0DBE6-C08A-4657-AD51-FEEB3592D398}.Release|Any CPU.Build.0 = Release|Any CPU
		{96D3A7B1-2569-4940-B396-CA386268D8EE}.Debug|Any CPU.ActiveCfg = Debug|Any CPU
		{96D3A7B1-2569-4940-B396-CA386268D8EE}.Debug|Any CPU.Build.0 = Debug|Any CPU
		{96D3A7B1-2569-4940-B396-CA386268D8EE}.Release|Any CPU.ActiveCfg = Release|Any CPU
		{96D3A7B1-2569-4940-B396-CA386268D8EE}.Release|Any CPU.Build.0 = Release|Any CPU
		{82F0A5A3-64E4-4E75-8566-ADD9B72535CE}.Debug|Any CPU.ActiveCfg = Debug|Any CPU
		{82F0A5A3-64E4-4E75-8566-ADD9B72535CE}.Debug|Any CPU.Build.0 = Debug|Any CPU
		{82F0A5A3-64E4-4E75-8566-ADD9B72535CE}.Release|Any CPU.ActiveCfg = Release|Any CPU
		{82F0A5A3-64E4-4E75-8566-ADD9B72535CE}.Release|Any CPU.Build.0 = Release|Any CPU
		{355FF641-6749-432D-8803-EEADF1FE4CD1}.Debug|Any CPU.ActiveCfg = Debug|Any CPU
		{355FF641-6749-432D-8803-EEADF1FE4CD1}.Debug|Any CPU.Build.0 = Debug|Any CPU
		{355FF641-6749-432D-8803-EEADF1FE4CD1}.Release|Any CPU.ActiveCfg = Release|Any CPU
		{355FF641-6749-432D-8803-EEADF1FE4CD1}.Release|Any CPU.Build.0 = Release|Any CPU
		{D07945B9-12E5-422D-9E5B-D8457F6F505F}.Debug|Any CPU.ActiveCfg = Debug|Any CPU
		{D07945B9-12E5-422D-9E5B-D8457F6F505F}.Debug|Any CPU.Build.0 = Debug|Any CPU
		{D07945B9-12E5-422D-9E5B-D8457F6F505F}.Release|Any CPU.ActiveCfg = Release|Any CPU
		{D07945B9-12E5-422D-9E5B-D8457F6F505F}.Release|Any CPU.Build.0 = Release|Any CPU
		{4B61AFCD-26B3-4B4C-AD05-3A00770A3D09}.Debug|Any CPU.ActiveCfg = Debug|Any CPU
		{4B61AFCD-26B3-4B4C-AD05-3A00770A3D09}.Debug|Any CPU.Build.0 = Debug|Any CPU
		{4B61AFCD-26B3-4B4C-AD05-3A00770A3D09}.Release|Any CPU.ActiveCfg = Release|Any CPU
		{4B61AFCD-26B3-4B4C-AD05-3A00770A3D09}.Release|Any CPU.Build.0 = Release|Any CPU
		{6B01475A-AF9E-48FC-A0B0-C0AFD58112BC}.Debug|Any CPU.ActiveCfg = Debug|Any CPU
		{6B01475A-AF9E-48FC-A0B0-C0AFD58112BC}.Debug|Any CPU.Build.0 = Debug|Any CPU
		{6B01475A-AF9E-48FC-A0B0-C0AFD58112BC}.Release|Any CPU.ActiveCfg = Release|Any CPU
		{6B01475A-AF9E-48FC-A0B0-C0AFD58112BC}.Release|Any CPU.Build.0 = Release|Any CPU
		{6EBFD524-8517-45EF-B7D3-02A13ECA37F2}.Debug|Any CPU.ActiveCfg = Debug|Any CPU
		{6EBFD524-8517-45EF-B7D3-02A13ECA37F2}.Debug|Any CPU.Build.0 = Debug|Any CPU
		{6EBFD524-8517-45EF-B7D3-02A13ECA37F2}.Release|Any CPU.ActiveCfg = Release|Any CPU
		{6EBFD524-8517-45EF-B7D3-02A13ECA37F2}.Release|Any CPU.Build.0 = Release|Any CPU
		{95C27F70-8528-4C93-BE3F-744625C594E5}.Debug|Any CPU.ActiveCfg = Debug|Any CPU
		{95C27F70-8528-4C93-BE3F-744625C594E5}.Debug|Any CPU.Build.0 = Debug|Any CPU
		{95C27F70-8528-4C93-BE3F-744625C594E5}.Release|Any CPU.ActiveCfg = Release|Any CPU
		{95C27F70-8528-4C93-BE3F-744625C594E5}.Release|Any CPU.Build.0 = Release|Any CPU
		{17ED20FC-4890-44BB-BEC4-35F4020F1C8A}.Debug|Any CPU.ActiveCfg = Debug|Any CPU
		{17ED20FC-4890-44BB-BEC4-35F4020F1C8A}.Debug|Any CPU.Build.0 = Debug|Any CPU
		{17ED20FC-4890-44BB-BEC4-35F4020F1C8A}.Release|Any CPU.ActiveCfg = Release|Any CPU
		{17ED20FC-4890-44BB-BEC4-35F4020F1C8A}.Release|Any CPU.Build.0 = Release|Any CPU
		{F147BEBC-7B4B-4829-B511-9E379F26A853}.Debug|Any CPU.ActiveCfg = Debug|Any CPU
		{F147BEBC-7B4B-4829-B511-9E379F26A853}.Debug|Any CPU.Build.0 = Debug|Any CPU
		{F147BEBC-7B4B-4829-B511-9E379F26A853}.Release|Any CPU.ActiveCfg = Release|Any CPU
		{F147BEBC-7B4B-4829-B511-9E379F26A853}.Release|Any CPU.Build.0 = Release|Any CPU
		{2766C724-36F6-4F34-ABC8-37098E6B7FE5}.Debug|Any CPU.ActiveCfg = Debug|Any CPU
		{2766C724-36F6-4F34-ABC8-37098E6B7FE5}.Debug|Any CPU.Build.0 = Debug|Any CPU
		{2766C724-36F6-4F34-ABC8-37098E6B7FE5}.Release|Any CPU.ActiveCfg = Release|Any CPU
		{2766C724-36F6-4F34-ABC8-37098E6B7FE5}.Release|Any CPU.Build.0 = Release|Any CPU
		{CFD76B7A-97CA-447E-A717-E8F8A7525E2D}.Debug|Any CPU.ActiveCfg = Debug|Any CPU
		{CFD76B7A-97CA-447E-A717-E8F8A7525E2D}.Debug|Any CPU.Build.0 = Debug|Any CPU
		{CFD76B7A-97CA-447E-A717-E8F8A7525E2D}.Release|Any CPU.ActiveCfg = Release|Any CPU
		{CFD76B7A-97CA-447E-A717-E8F8A7525E2D}.Release|Any CPU.Build.0 = Release|Any CPU
		{0FDD1751-E087-4C86-A3BC-9E631C3E0026}.Debug|Any CPU.ActiveCfg = Debug|Any CPU
		{0FDD1751-E087-4C86-A3BC-9E631C3E0026}.Debug|Any CPU.Build.0 = Debug|Any CPU
		{0FDD1751-E087-4C86-A3BC-9E631C3E0026}.Release|Any CPU.ActiveCfg = Release|Any CPU
		{0FDD1751-E087-4C86-A3BC-9E631C3E0026}.Release|Any CPU.Build.0 = Release|Any CPU
		{D21056B5-BD9F-4A44-B783-CE80601BFD3A}.Debug|Any CPU.ActiveCfg = Debug|Any CPU
		{D21056B5-BD9F-4A44-B783-CE80601BFD3A}.Debug|Any CPU.Build.0 = Debug|Any CPU
		{D21056B5-BD9F-4A44-B783-CE80601BFD3A}.Release|Any CPU.ActiveCfg = Release|Any CPU
		{D21056B5-BD9F-4A44-B783-CE80601BFD3A}.Release|Any CPU.Build.0 = Release|Any CPU
		{0B5BD440-7FB6-4BA0-B489-57BAB8E44341}.Debug|Any CPU.ActiveCfg = Debug|Any CPU
		{0B5BD440-7FB6-4BA0-B489-57BAB8E44341}.Debug|Any CPU.Build.0 = Debug|Any CPU
		{0B5BD440-7FB6-4BA0-B489-57BAB8E44341}.Release|Any CPU.ActiveCfg = Release|Any CPU
		{0B5BD440-7FB6-4BA0-B489-57BAB8E44341}.Release|Any CPU.Build.0 = Release|Any CPU
		{50AB7104-76E5-4F33-9834-40EDDB2C20F9}.Debug|Any CPU.ActiveCfg = Debug|Any CPU
		{50AB7104-76E5-4F33-9834-40EDDB2C20F9}.Debug|Any CPU.Build.0 = Debug|Any CPU
		{50AB7104-76E5-4F33-9834-40EDDB2C20F9}.Release|Any CPU.ActiveCfg = Release|Any CPU
		{50AB7104-76E5-4F33-9834-40EDDB2C20F9}.Release|Any CPU.Build.0 = Release|Any CPU
		{5B25D8C9-0716-430D-9331-34E8F2FC1FD3}.Debug|Any CPU.ActiveCfg = Debug|Any CPU
		{5B25D8C9-0716-430D-9331-34E8F2FC1FD3}.Debug|Any CPU.Build.0 = Debug|Any CPU
		{5B25D8C9-0716-430D-9331-34E8F2FC1FD3}.Release|Any CPU.ActiveCfg = Release|Any CPU
		{5B25D8C9-0716-430D-9331-34E8F2FC1FD3}.Release|Any CPU.Build.0 = Release|Any CPU
		{A5028355-A2D1-4386-A55E-3115EFC39792}.Debug|Any CPU.ActiveCfg = Debug|Any CPU
		{A5028355-A2D1-4386-A55E-3115EFC39792}.Debug|Any CPU.Build.0 = Debug|Any CPU
		{A5028355-A2D1-4386-A55E-3115EFC39792}.Release|Any CPU.ActiveCfg = Release|Any CPU
		{A5028355-A2D1-4386-A55E-3115EFC39792}.Release|Any CPU.Build.0 = Release|Any CPU
		{79247550-987D-4F25-ADC1-3681A813F56F}.Debug|Any CPU.ActiveCfg = Debug|Any CPU
		{79247550-987D-4F25-ADC1-3681A813F56F}.Debug|Any CPU.Build.0 = Debug|Any CPU
		{79247550-987D-4F25-ADC1-3681A813F56F}.Release|Any CPU.ActiveCfg = Release|Any CPU
		{79247550-987D-4F25-ADC1-3681A813F56F}.Release|Any CPU.Build.0 = Release|Any CPU
		{2AC1A29A-FE18-4D4D-8E67-3189E9CEBF89}.Debug|Any CPU.ActiveCfg = Debug|Any CPU
		{2AC1A29A-FE18-4D4D-8E67-3189E9CEBF89}.Debug|Any CPU.Build.0 = Debug|Any CPU
		{2AC1A29A-FE18-4D4D-8E67-3189E9CEBF89}.Release|Any CPU.ActiveCfg = Release|Any CPU
		{2AC1A29A-FE18-4D4D-8E67-3189E9CEBF89}.Release|Any CPU.Build.0 = Release|Any CPU
		{7A07DA06-593B-4CD1-9388-FA0A2AA7A690}.Debug|Any CPU.ActiveCfg = Debug|Any CPU
		{7A07DA06-593B-4CD1-9388-FA0A2AA7A690}.Debug|Any CPU.Build.0 = Debug|Any CPU
		{7A07DA06-593B-4CD1-9388-FA0A2AA7A690}.Release|Any CPU.ActiveCfg = Release|Any CPU
		{7A07DA06-593B-4CD1-9388-FA0A2AA7A690}.Release|Any CPU.Build.0 = Release|Any CPU
		{AFAFC82D-803B-461B-9153-38EFAB5F50ED}.Debug|Any CPU.ActiveCfg = Debug|Any CPU
		{AFAFC82D-803B-461B-9153-38EFAB5F50ED}.Debug|Any CPU.Build.0 = Debug|Any CPU
		{AFAFC82D-803B-461B-9153-38EFAB5F50ED}.Release|Any CPU.ActiveCfg = Release|Any CPU
		{AFAFC82D-803B-461B-9153-38EFAB5F50ED}.Release|Any CPU.Build.0 = Release|Any CPU
		{BA3DB802-2E31-4E5F-8CA8-9B4285ED08D4}.Debug|Any CPU.ActiveCfg = Debug|Any CPU
		{BA3DB802-2E31-4E5F-8CA8-9B4285ED08D4}.Debug|Any CPU.Build.0 = Debug|Any CPU
		{BA3DB802-2E31-4E5F-8CA8-9B4285ED08D4}.Release|Any CPU.ActiveCfg = Release|Any CPU
		{BA3DB802-2E31-4E5F-8CA8-9B4285ED08D4}.Release|Any CPU.Build.0 = Release|Any CPU
		{ECE81702-D29C-4D47-9BCC-927FCB6366E2}.Debug|Any CPU.ActiveCfg = Debug|Any CPU
		{ECE81702-D29C-4D47-9BCC-927FCB6366E2}.Debug|Any CPU.Build.0 = Debug|Any CPU
		{ECE81702-D29C-4D47-9BCC-927FCB6366E2}.Release|Any CPU.ActiveCfg = Release|Any CPU
		{ECE81702-D29C-4D47-9BCC-927FCB6366E2}.Release|Any CPU.Build.0 = Release|Any CPU
		{A6AE9102-5C99-4B87-B952-08FF130BB3D7}.Debug|Any CPU.ActiveCfg = Debug|Any CPU
		{A6AE9102-5C99-4B87-B952-08FF130BB3D7}.Debug|Any CPU.Build.0 = Debug|Any CPU
		{A6AE9102-5C99-4B87-B952-08FF130BB3D7}.Release|Any CPU.ActiveCfg = Release|Any CPU
		{A6AE9102-5C99-4B87-B952-08FF130BB3D7}.Release|Any CPU.Build.0 = Release|Any CPU
		{4F84FB26-1A6C-4239-AE71-CB405096571F}.Debug|Any CPU.ActiveCfg = Debug|Any CPU
		{4F84FB26-1A6C-4239-AE71-CB405096571F}.Debug|Any CPU.Build.0 = Debug|Any CPU
		{4F84FB26-1A6C-4239-AE71-CB405096571F}.Release|Any CPU.ActiveCfg = Release|Any CPU
		{4F84FB26-1A6C-4239-AE71-CB405096571F}.Release|Any CPU.Build.0 = Release|Any CPU
		{8D414316-01D4-41B4-AE88-4D62E515C744}.Debug|Any CPU.ActiveCfg = Debug|Any CPU
		{8D414316-01D4-41B4-AE88-4D62E515C744}.Debug|Any CPU.Build.0 = Debug|Any CPU
		{8D414316-01D4-41B4-AE88-4D62E515C744}.Release|Any CPU.ActiveCfg = Release|Any CPU
		{8D414316-01D4-41B4-AE88-4D62E515C744}.Release|Any CPU.Build.0 = Release|Any CPU
		{40AAE7E9-7BB8-432F-9C20-00386065E760}.Debug|Any CPU.ActiveCfg = Debug|Any CPU
		{40AAE7E9-7BB8-432F-9C20-00386065E760}.Debug|Any CPU.Build.0 = Debug|Any CPU
		{40AAE7E9-7BB8-432F-9C20-00386065E760}.Release|Any CPU.ActiveCfg = Release|Any CPU
		{40AAE7E9-7BB8-432F-9C20-00386065E760}.Release|Any CPU.Build.0 = Release|Any CPU
		{63788C78-6282-4DE3-9085-2CF25BD5A80D}.Debug|Any CPU.ActiveCfg = Debug|Any CPU
		{63788C78-6282-4DE3-9085-2CF25BD5A80D}.Debug|Any CPU.Build.0 = Debug|Any CPU
		{63788C78-6282-4DE3-9085-2CF25BD5A80D}.Release|Any CPU.ActiveCfg = Release|Any CPU
		{63788C78-6282-4DE3-9085-2CF25BD5A80D}.Release|Any CPU.Build.0 = Release|Any CPU
		{3CFAEFEF-467E-4897-AD19-B66ABC4711FC}.Debug|Any CPU.ActiveCfg = Debug|Any CPU
		{3CFAEFEF-467E-4897-AD19-B66ABC4711FC}.Debug|Any CPU.Build.0 = Debug|Any CPU
		{3CFAEFEF-467E-4897-AD19-B66ABC4711FC}.Release|Any CPU.ActiveCfg = Release|Any CPU
		{3CFAEFEF-467E-4897-AD19-B66ABC4711FC}.Release|Any CPU.Build.0 = Release|Any CPU
		{57734838-B4A8-40AE-B46C-89C698782E8B}.Debug|Any CPU.ActiveCfg = Debug|Any CPU
		{57734838-B4A8-40AE-B46C-89C698782E8B}.Debug|Any CPU.Build.0 = Debug|Any CPU
		{57734838-B4A8-40AE-B46C-89C698782E8B}.Release|Any CPU.ActiveCfg = Release|Any CPU
		{57734838-B4A8-40AE-B46C-89C698782E8B}.Release|Any CPU.Build.0 = Release|Any CPU
		{5EC109C6-35B5-477D-BE54-BA45DD0C4633}.Debug|Any CPU.ActiveCfg = Debug|Any CPU
		{5EC109C6-35B5-477D-BE54-BA45DD0C4633}.Debug|Any CPU.Build.0 = Debug|Any CPU
		{5EC109C6-35B5-477D-BE54-BA45DD0C4633}.Release|Any CPU.ActiveCfg = Release|Any CPU
		{5EC109C6-35B5-477D-BE54-BA45DD0C4633}.Release|Any CPU.Build.0 = Release|Any CPU
		{AA47C7A1-E185-4FD9-89F1-A34FA83C706B}.Debug|Any CPU.ActiveCfg = Debug|Any CPU
		{AA47C7A1-E185-4FD9-89F1-A34FA83C706B}.Debug|Any CPU.Build.0 = Debug|Any CPU
		{AA47C7A1-E185-4FD9-89F1-A34FA83C706B}.Release|Any CPU.ActiveCfg = Release|Any CPU
		{AA47C7A1-E185-4FD9-89F1-A34FA83C706B}.Release|Any CPU.Build.0 = Release|Any CPU
		{9562766A-7099-4A19-A45C-0147F668DE8B}.Debug|Any CPU.ActiveCfg = Debug|Any CPU
		{9562766A-7099-4A19-A45C-0147F668DE8B}.Debug|Any CPU.Build.0 = Debug|Any CPU
		{9562766A-7099-4A19-A45C-0147F668DE8B}.Release|Any CPU.ActiveCfg = Release|Any CPU
		{9562766A-7099-4A19-A45C-0147F668DE8B}.Release|Any CPU.Build.0 = Release|Any CPU
		{1A421902-32EE-4C55-9128-97381BFB8F5A}.Debug|Any CPU.ActiveCfg = Debug|Any CPU
		{1A421902-32EE-4C55-9128-97381BFB8F5A}.Debug|Any CPU.Build.0 = Debug|Any CPU
		{1A421902-32EE-4C55-9128-97381BFB8F5A}.Release|Any CPU.ActiveCfg = Release|Any CPU
		{1A421902-32EE-4C55-9128-97381BFB8F5A}.Release|Any CPU.Build.0 = Release|Any CPU
	EndGlobalSection
	GlobalSection(SolutionProperties) = preSolution
		HideSolutionNode = FALSE
	EndGlobalSection
	GlobalSection(NestedProjects) = preSolution
		{EC370A46-7181-4EF9-8850-FC75E3F7954D} = {27893AF9-B6A9-4CA0-A822-4A4DFA59710C}
		{B849ED28-295A-42A4-AB6C-AE18496D0012} = {27893AF9-B6A9-4CA0-A822-4A4DFA59710C}
		{8DF9C59F-760A-49E4-98AC-DF7C5BCA91D9} = {27893AF9-B6A9-4CA0-A822-4A4DFA59710C}
		{21CDAF08-9E8A-489A-8DCB-C545EFA41B37} = {27893AF9-B6A9-4CA0-A822-4A4DFA59710C}
		{B38648F5-87CA-4010-B694-57A0A8F8E41E} = {21CDAF08-9E8A-489A-8DCB-C545EFA41B37}
		{AA151081-A399-409F-A746-BE54916601C8} = {27893AF9-B6A9-4CA0-A822-4A4DFA59710C}
		{7B8F4C60-E926-4356-9BDA-5DC69F37F661} = {27893AF9-B6A9-4CA0-A822-4A4DFA59710C}
		{58E1BD93-33E0-48C5-9E69-CB607BDEB6EF} = {27893AF9-B6A9-4CA0-A822-4A4DFA59710C}
		{A584017B-ECC6-46B8-8B0F-6749FF60C7A0} = {27893AF9-B6A9-4CA0-A822-4A4DFA59710C}
		{3F21C158-5A59-44A5-BAAE-6AF59143F217} = {C3FC6A58-15DD-4F4F-89CD-2FFE50E3EF3B}
		{3081B269-9677-4C35-B3E1-DF3D00F2E152} = {C3FC6A58-15DD-4F4F-89CD-2FFE50E3EF3B}
		{7FF0CC04-4622-4535-BDAB-94587038FA82} = {C3FC6A58-15DD-4F4F-89CD-2FFE50E3EF3B}
		{2BE0DBE6-C08A-4657-AD51-FEEB3592D398} = {C3FC6A58-15DD-4F4F-89CD-2FFE50E3EF3B}
		{96D3A7B1-2569-4940-B396-CA386268D8EE} = {C3FC6A58-15DD-4F4F-89CD-2FFE50E3EF3B}
		{82F0A5A3-64E4-4E75-8566-ADD9B72535CE} = {C3FC6A58-15DD-4F4F-89CD-2FFE50E3EF3B}
		{355FF641-6749-432D-8803-EEADF1FE4CD1} = {C3FC6A58-15DD-4F4F-89CD-2FFE50E3EF3B}
		{D07945B9-12E5-422D-9E5B-D8457F6F505F} = {C3FC6A58-15DD-4F4F-89CD-2FFE50E3EF3B}
		{4B61AFCD-26B3-4B4C-AD05-3A00770A3D09} = {C3FC6A58-15DD-4F4F-89CD-2FFE50E3EF3B}
		{6B01475A-AF9E-48FC-A0B0-C0AFD58112BC} = {C3FC6A58-15DD-4F4F-89CD-2FFE50E3EF3B}
		{6EBFD524-8517-45EF-B7D3-02A13ECA37F2} = {C3FC6A58-15DD-4F4F-89CD-2FFE50E3EF3B}
		{95C27F70-8528-4C93-BE3F-744625C594E5} = {C3FC6A58-15DD-4F4F-89CD-2FFE50E3EF3B}
		{17ED20FC-4890-44BB-BEC4-35F4020F1C8A} = {C3FC6A58-15DD-4F4F-89CD-2FFE50E3EF3B}
		{F147BEBC-7B4B-4829-B511-9E379F26A853} = {3A24C0AF-2765-4F75-8E71-8800B7526937}
		{2766C724-36F6-4F34-ABC8-37098E6B7FE5} = {3A24C0AF-2765-4F75-8E71-8800B7526937}
		{CFD76B7A-97CA-447E-A717-E8F8A7525E2D} = {3A24C0AF-2765-4F75-8E71-8800B7526937}
		{0FDD1751-E087-4C86-A3BC-9E631C3E0026} = {3A24C0AF-2765-4F75-8E71-8800B7526937}
		{D21056B5-BD9F-4A44-B783-CE80601BFD3A} = {3A24C0AF-2765-4F75-8E71-8800B7526937}
		{0B5BD440-7FB6-4BA0-B489-57BAB8E44341} = {3A24C0AF-2765-4F75-8E71-8800B7526937}
		{50AB7104-76E5-4F33-9834-40EDDB2C20F9} = {3A24C0AF-2765-4F75-8E71-8800B7526937}
		{5B25D8C9-0716-430D-9331-34E8F2FC1FD3} = {7A82B11F-D8D9-407A-ACD9-76FB975F9EEC}
		{A5028355-A2D1-4386-A55E-3115EFC39792} = {7A82B11F-D8D9-407A-ACD9-76FB975F9EEC}
		{79247550-987D-4F25-ADC1-3681A813F56F} = {7A82B11F-D8D9-407A-ACD9-76FB975F9EEC}
		{2AC1A29A-FE18-4D4D-8E67-3189E9CEBF89} = {7A82B11F-D8D9-407A-ACD9-76FB975F9EEC}
		{7A07DA06-593B-4CD1-9388-FA0A2AA7A690} = {7A82B11F-D8D9-407A-ACD9-76FB975F9EEC}
		{AFAFC82D-803B-461B-9153-38EFAB5F50ED} = {7A82B11F-D8D9-407A-ACD9-76FB975F9EEC}
		{BA3DB802-2E31-4E5F-8CA8-9B4285ED08D4} = {7A82B11F-D8D9-407A-ACD9-76FB975F9EEC}
		{ECE81702-D29C-4D47-9BCC-927FCB6366E2} = {7A82B11F-D8D9-407A-ACD9-76FB975F9EEC}
		{A6AE9102-5C99-4B87-B952-08FF130BB3D7} = {4352414B-4417-47AB-A803-AE40230DA2EC}
		{4F84FB26-1A6C-4239-AE71-CB405096571F} = {4352414B-4417-47AB-A803-AE40230DA2EC}
		{8D414316-01D4-41B4-AE88-4D62E515C744} = {4352414B-4417-47AB-A803-AE40230DA2EC}
		{40AAE7E9-7BB8-432F-9C20-00386065E760} = {4352414B-4417-47AB-A803-AE40230DA2EC}
		{63788C78-6282-4DE3-9085-2CF25BD5A80D} = {4352414B-4417-47AB-A803-AE40230DA2EC}
		{3CFAEFEF-467E-4897-AD19-B66ABC4711FC} = {4352414B-4417-47AB-A803-AE40230DA2EC}
		{57734838-B4A8-40AE-B46C-89C698782E8B} = {4352414B-4417-47AB-A803-AE40230DA2EC}
		{5EC109C6-35B5-477D-BE54-BA45DD0C4633} = {4352414B-4417-47AB-A803-AE40230DA2EC}
		{AA47C7A1-E185-4FD9-89F1-A34FA83C706B} = {8A04FE00-EBA7-40F1-974E-154CC10A1BC7}
		{9562766A-7099-4A19-A45C-0147F668DE8B} = {8A04FE00-EBA7-40F1-974E-154CC10A1BC7}
		{1A421902-32EE-4C55-9128-97381BFB8F5A} = {8A04FE00-EBA7-40F1-974E-154CC10A1BC7}
	EndGlobalSection
	GlobalSection(ExtensibilityGlobals) = postSolution
		SolutionGuid = {0D8CFCB1-2AD9-4F32-B39E-3C47EEAFF97E}
	EndGlobalSection
EndGlobal
